// !$*UTF8*$!
{
	archiveVersion = 1;
	classes = {
	};
	objectVersion = 46;
	objects = {

/* Begin PBXBuildFile section */
		8619CDB01F039F3B0047F34D /* libz.tbd in Frameworks */ = {isa = PBXBuildFile; fileRef = 8619CDAF1F039F3B0047F34D /* libz.tbd */; };
		8619CDB41F03A21A0047F34D /* WBTimelineTextContentView.swift in Sources */ = {isa = PBXBuildFile; fileRef = 8619CDB31F03A21A0047F34D /* WBTimelineTextContentView.swift */; };
		8619CDB61F03A2C80047F34D /* WBTimelineTableViewCellDrawingContext.swift in Sources */ = {isa = PBXBuildFile; fileRef = 8619CDB51F03A2C80047F34D /* WBTimelineTableViewCellDrawingContext.swift */; };
		8619CDB91F03A61A0047F34D /* Preset.swift in Sources */ = {isa = PBXBuildFile; fileRef = 8619CDB81F03A61A0047F34D /* Preset.swift */; };
		862ADAD41ED8787F00213A57 /* WBTimelineViewController.swift in Sources */ = {isa = PBXBuildFile; fileRef = 862ADAD31ED8787F00213A57 /* WBTimelineViewController.swift */; };
		862ADAD61ED878B400213A57 /* WBTImelineTableViewCell.swift in Sources */ = {isa = PBXBuildFile; fileRef = 862ADAD51ED878B400213A57 /* WBTImelineTableViewCell.swift */; };
		865635761ED6F29C00BDB036 /* AppDelegate.swift in Sources */ = {isa = PBXBuildFile; fileRef = 865635751ED6F29C00BDB036 /* AppDelegate.swift */; };
		8656357B1ED6F29C00BDB036 /* Main.storyboard in Resources */ = {isa = PBXBuildFile; fileRef = 865635791ED6F29C00BDB036 /* Main.storyboard */; };
		8656357D1ED6F29C00BDB036 /* Assets.xcassets in Resources */ = {isa = PBXBuildFile; fileRef = 8656357C1ED6F29C00BDB036 /* Assets.xcassets */; };
		865635801ED6F29C00BDB036 /* LaunchScreen.storyboard in Resources */ = {isa = PBXBuildFile; fileRef = 8656357E1ED6F29C00BDB036 /* LaunchScreen.storyboard */; };
		8656358F1ED7134D00BDB036 /* AsyncDrawingKit.framework in Frameworks */ = {isa = PBXBuildFile; fileRef = 8656358E1ED7134D00BDB036 /* AsyncDrawingKit.framework */; };
		86E9E9531ED9C3DC00BF802B /* WBTimelineContentView.swift in Sources */ = {isa = PBXBuildFile; fileRef = 86E9E9521ED9C3DC00BF802B /* WBTimelineContentView.swift */; };
		86E9E9561ED9C43D00BF802B /* WBTimelineJSON.zip in Resources */ = {isa = PBXBuildFile; fileRef = 86E9E9551ED9C43D00BF802B /* WBTimelineJSON.zip */; };
		86E9E9661ED9CB6700BF802B /* WBCardsModel.swift in Sources */ = {isa = PBXBuildFile; fileRef = 86E9E9651ED9CB6700BF802B /* WBCardsModel.swift */; };
		86E9E96A1EDB308700BF802B /* NSData+Gzip.m in Sources */ = {isa = PBXBuildFile; fileRef = 86E9E9691EDB308700BF802B /* NSData+Gzip.m */; };
/* End PBXBuildFile section */

/* Begin PBXContainerItemProxy section */
		8619CD9C1F039CA50047F34D /* PBXContainerItemProxy */ = {
			isa = PBXContainerItemProxy;
			containerPortal = 8619CD8A1F039CA50047F34D /* HandyJSON.xcodeproj */;
			proxyType = 2;
			remoteGlobalIDString = 21520C441D3341B200F53111;
			remoteInfo = "HandyJSON iOS";
		};
		8619CD9E1F039CA50047F34D /* PBXContainerItemProxy */ = {
			isa = PBXContainerItemProxy;
			containerPortal = 8619CD8A1F039CA50047F34D /* HandyJSON.xcodeproj */;
			proxyType = 2;
			remoteGlobalIDString = 21520C5B1D3344A900F53111;
			remoteInfo = HandyJSONDemo;
		};
		8619CDA01F039CA50047F34D /* PBXContainerItemProxy */ = {
			isa = PBXContainerItemProxy;
			containerPortal = 8619CD8A1F039CA50047F34D /* HandyJSON.xcodeproj */;
			proxyType = 2;
			remoteGlobalIDString = 217B046D1D571B9F0035A8E2;
			remoteInfo = "HandyJSON iOS Tests";
		};
		8619CDA21F039CA50047F34D /* PBXContainerItemProxy */ = {
			isa = PBXContainerItemProxy;
			containerPortal = 8619CD8A1F039CA50047F34D /* HandyJSON.xcodeproj */;
			proxyType = 2;
			remoteGlobalIDString = 393E0F9B1DA1650E00B3BC12;
			remoteInfo = "HandyJSON watchOS";
		};
		8619CDA41F039CA50047F34D /* PBXContainerItemProxy */ = {
			isa = PBXContainerItemProxy;
			containerPortal = 8619CD8A1F039CA50047F34D /* HandyJSON.xcodeproj */;
			proxyType = 2;
			remoteGlobalIDString = 393E0FB11DA2441E00B3BC12;
			remoteInfo = "HandyJSON tvOS";
		};
		8619CDA61F039CA50047F34D /* PBXContainerItemProxy */ = {
			isa = PBXContainerItemProxy;
			containerPortal = 8619CD8A1F039CA50047F34D /* HandyJSON.xcodeproj */;
			proxyType = 2;
			remoteGlobalIDString = 393E0FB91DA2441E00B3BC12;
			remoteInfo = "HandyJSON tvOS Tests";
		};
		8619CDA81F039CA50047F34D /* PBXContainerItemProxy */ = {
			isa = PBXContainerItemProxy;
			containerPortal = 8619CD8A1F039CA50047F34D /* HandyJSON.xcodeproj */;
			proxyType = 2;
			remoteGlobalIDString = 393E0FE11DA2494F00B3BC12;
			remoteInfo = "HandyJSON macOS";
		};
		8619CDAA1F039CA50047F34D /* PBXContainerItemProxy */ = {
			isa = PBXContainerItemProxy;
			containerPortal = 8619CD8A1F039CA50047F34D /* HandyJSON.xcodeproj */;
			proxyType = 2;
			remoteGlobalIDString = 393E0FE91DA2494F00B3BC12;
			remoteInfo = "HandyJSON macOS Tests";
		};
		8619CDAC1F039D0F0047F34D /* PBXContainerItemProxy */ = {
			isa = PBXContainerItemProxy;
			containerPortal = 8619CD8A1F039CA50047F34D /* HandyJSON.xcodeproj */;
			proxyType = 1;
			remoteGlobalIDString = 21520C431D3341B200F53111;
			remoteInfo = "HandyJSON iOS";
		};
/* End PBXContainerItemProxy section */

/* Begin PBXFileReference section */
		8619CD8A1F039CA50047F34D /* HandyJSON.xcodeproj */ = {isa = PBXFileReference; lastKnownFileType = "wrapper.pb-project"; name = HandyJSON.xcodeproj; path = 3dr/HandyJSON/HandyJSON.xcodeproj; sourceTree = SOURCE_ROOT; };
		8619CDAF1F039F3B0047F34D /* libz.tbd */ = {isa = PBXFileReference; lastKnownFileType = "sourcecode.text-based-dylib-definition"; name = libz.tbd; path = usr/lib/libz.tbd; sourceTree = SDKROOT; };
		8619CDB31F03A21A0047F34D /* WBTimelineTextContentView.swift */ = {isa = PBXFileReference; fileEncoding = 4; lastKnownFileType = sourcecode.swift; path = WBTimelineTextContentView.swift; sourceTree = "<group>"; };
		8619CDB51F03A2C80047F34D /* WBTimelineTableViewCellDrawingContext.swift */ = {isa = PBXFileReference; fileEncoding = 4; lastKnownFileType = sourcecode.swift; path = WBTimelineTableViewCellDrawingContext.swift; sourceTree = "<group>"; };
		8619CDB81F03A61A0047F34D /* Preset.swift */ = {isa = PBXFileReference; fileEncoding = 4; lastKnownFileType = sourcecode.swift; path = Preset.swift; sourceTree = "<group>"; };
		862ADAD31ED8787F00213A57 /* WBTimelineViewController.swift */ = {isa = PBXFileReference; fileEncoding = 4; lastKnownFileType = sourcecode.swift; path = WBTimelineViewController.swift; sourceTree = "<group>"; };
		862ADAD51ED878B400213A57 /* WBTImelineTableViewCell.swift */ = {isa = PBXFileReference; fileEncoding = 4; lastKnownFileType = sourcecode.swift; path = WBTImelineTableViewCell.swift; sourceTree = "<group>"; };
		865635721ED6F29C00BDB036 /* AsyncDrawingKit-Demo.app */ = {isa = PBXFileReference; explicitFileType = wrapper.application; includeInIndex = 0; path = "AsyncDrawingKit-Demo.app"; sourceTree = BUILT_PRODUCTS_DIR; };
		865635751ED6F29C00BDB036 /* AppDelegate.swift */ = {isa = PBXFileReference; lastKnownFileType = sourcecode.swift; path = AppDelegate.swift; sourceTree = "<group>"; };
		8656357A1ED6F29C00BDB036 /* Base */ = {isa = PBXFileReference; lastKnownFileType = file.storyboard; name = Base; path = Base.lproj/Main.storyboard; sourceTree = "<group>"; };
		8656357C1ED6F29C00BDB036 /* Assets.xcassets */ = {isa = PBXFileReference; lastKnownFileType = folder.assetcatalog; path = Assets.xcassets; sourceTree = "<group>"; };
		8656357F1ED6F29C00BDB036 /* Base */ = {isa = PBXFileReference; lastKnownFileType = file.storyboard; name = Base; path = Base.lproj/LaunchScreen.storyboard; sourceTree = "<group>"; };
		865635811ED6F29C00BDB036 /* Info.plist */ = {isa = PBXFileReference; lastKnownFileType = text.plist.xml; path = Info.plist; sourceTree = "<group>"; };
		8656358E1ED7134D00BDB036 /* AsyncDrawingKit.framework */ = {isa = PBXFileReference; lastKnownFileType = wrapper.framework; name = AsyncDrawingKit.framework; path = "../../../../Library/Developer/Xcode/DerivedData/AsyncDrawingKit-dxftkauumzfvpogohaulrhsvvotb/Build/Products/Debug-iphonesimulator/AsyncDrawingKit.framework"; sourceTree = "<group>"; };
		86E9E9521ED9C3DC00BF802B /* WBTimelineContentView.swift */ = {isa = PBXFileReference; fileEncoding = 4; lastKnownFileType = sourcecode.swift; path = WBTimelineContentView.swift; sourceTree = "<group>"; };
		86E9E9551ED9C43D00BF802B /* WBTimelineJSON.zip */ = {isa = PBXFileReference; lastKnownFileType = archive.zip; path = WBTimelineJSON.zip; sourceTree = "<group>"; };
		86E9E9651ED9CB6700BF802B /* WBCardsModel.swift */ = {isa = PBXFileReference; fileEncoding = 4; lastKnownFileType = sourcecode.swift; path = WBCardsModel.swift; sourceTree = "<group>"; };
		86E9E9671EDB308600BF802B /* AsyncDrawingKit-Demo-Bridging-Header.h */ = {isa = PBXFileReference; lastKnownFileType = sourcecode.c.h; path = "AsyncDrawingKit-Demo-Bridging-Header.h"; sourceTree = "<group>"; };
		86E9E9681EDB308700BF802B /* NSData+Gzip.h */ = {isa = PBXFileReference; fileEncoding = 4; lastKnownFileType = sourcecode.c.h; path = "NSData+Gzip.h"; sourceTree = "<group>"; };
		86E9E9691EDB308700BF802B /* NSData+Gzip.m */ = {isa = PBXFileReference; fileEncoding = 4; lastKnownFileType = sourcecode.c.objc; path = "NSData+Gzip.m"; sourceTree = "<group>"; };
/* End PBXFileReference section */

/* Begin PBXFrameworksBuildPhase section */
		8656356F1ED6F29C00BDB036 /* Frameworks */ = {
			isa = PBXFrameworksBuildPhase;
			buildActionMask = 2147483647;
			files = (
				8619CDB01F039F3B0047F34D /* libz.tbd in Frameworks */,
				8656358F1ED7134D00BDB036 /* AsyncDrawingKit.framework in Frameworks */,
			);
			runOnlyForDeploymentPostprocessing = 0;
		};
/* End PBXFrameworksBuildPhase section */

/* Begin PBXGroup section */
		8619CD8B1F039CA50047F34D /* Products */ = {
			isa = PBXGroup;
			children = (
				8619CD9D1F039CA50047F34D /* HandyJSON.framework */,
				8619CD9F1F039CA50047F34D /* HandyJSONDemo.app */,
				8619CDA11F039CA50047F34D /* HandyJSON iOS Tests.xctest */,
				8619CDA31F039CA50047F34D /* HandyJSON.framework */,
				8619CDA51F039CA50047F34D /* HandyJSON.framework */,
				8619CDA71F039CA50047F34D /* HandyJSON tvOS Tests.xctest */,
				8619CDA91F039CA50047F34D /* HandyJSON.framework */,
				8619CDAB1F039CA50047F34D /* HandyJSON macOS Tests.xctest */,
			);
			name = Products;
			sourceTree = "<group>";
		};
		8619CDB11F03A0540047F34D /* Other */ = {
			isa = PBXGroup;
			children = (
				8619CDB71F03A5ED0047F34D /* Helper */,
				86E9E9541ED9C40B00BF802B /* Resources */,
				86E9E9571ED9C44D00BF802B /* 3rd */,
				865635751ED6F29C00BDB036 /* AppDelegate.swift */,
				86E9E9681EDB308700BF802B /* NSData+Gzip.h */,
				86E9E9691EDB308700BF802B /* NSData+Gzip.m */,
				86E9E9671EDB308600BF802B /* AsyncDrawingKit-Demo-Bridging-Header.h */,
			);
			name = Other;
			sourceTree = "<group>";
		};
		8619CDB21F03A06A0047F34D /* Model */ = {
			isa = PBXGroup;
			children = (
				86E9E9651ED9CB6700BF802B /* WBCardsModel.swift */,
				8619CDB51F03A2C80047F34D /* WBTimelineTableViewCellDrawingContext.swift */,
			);
			name = Model;
			sourceTree = "<group>";
		};
		8619CDB71F03A5ED0047F34D /* Helper */ = {
			isa = PBXGroup;
			children = (
				8619CDB81F03A61A0047F34D /* Preset.swift */,
			);
			name = Helper;
			sourceTree = "<group>";
		};
		865635691ED6F29C00BDB036 = {
			isa = PBXGroup;
			children = (
				865635741ED6F29C00BDB036 /* AsyncDrawingKit-Demo */,
				865635731ED6F29C00BDB036 /* Products */,
				8656358D1ED7134C00BDB036 /* Frameworks */,
			);
			sourceTree = "<group>";
		};
		865635731ED6F29C00BDB036 /* Products */ = {
			isa = PBXGroup;
			children = (
				865635721ED6F29C00BDB036 /* AsyncDrawingKit-Demo.app */,
			);
			name = Products;
			sourceTree = "<group>";
		};
		865635741ED6F29C00BDB036 /* AsyncDrawingKit-Demo */ = {
			isa = PBXGroup;
			children = (
				862ADAD31ED8787F00213A57 /* WBTimelineViewController.swift */,
				862ADAD51ED878B400213A57 /* WBTImelineTableViewCell.swift */,
				8619CDB31F03A21A0047F34D /* WBTimelineTextContentView.swift */,
				86E9E9521ED9C3DC00BF802B /* WBTimelineContentView.swift */,
				8619CDB21F03A06A0047F34D /* Model */,
				8619CDB11F03A0540047F34D /* Other */,
			);
			path = "AsyncDrawingKit-Demo";
			sourceTree = "<group>";
		};
		8656358D1ED7134C00BDB036 /* Frameworks */ = {
			isa = PBXGroup;
			children = (
				8619CDAF1F039F3B0047F34D /* libz.tbd */,
				8656358E1ED7134D00BDB036 /* AsyncDrawingKit.framework */,
			);
			name = Frameworks;
			sourceTree = "<group>";
		};
		86E9E9541ED9C40B00BF802B /* Resources */ = {
			isa = PBXGroup;
			children = (
				865635811ED6F29C00BDB036 /* Info.plist */,
				86E9E9551ED9C43D00BF802B /* WBTimelineJSON.zip */,
				865635791ED6F29C00BDB036 /* Main.storyboard */,
				8656357C1ED6F29C00BDB036 /* Assets.xcassets */,
				8656357E1ED6F29C00BDB036 /* LaunchScreen.storyboard */,
			);
			name = Resources;
			sourceTree = "<group>";
		};
		86E9E9571ED9C44D00BF802B /* 3rd */ = {
			isa = PBXGroup;
			children = (
				8619CD8A1F039CA50047F34D /* HandyJSON.xcodeproj */,
			);
			name = 3rd;
			sourceTree = "<group>";
		};
/* End PBXGroup section */

/* Begin PBXNativeTarget section */
		865635711ED6F29C00BDB036 /* AsyncDrawingKit-Demo */ = {
			isa = PBXNativeTarget;
			buildConfigurationList = 865635841ED6F29C00BDB036 /* Build configuration list for PBXNativeTarget "AsyncDrawingKit-Demo" */;
			buildPhases = (
				8656356E1ED6F29C00BDB036 /* Sources */,
				8656356F1ED6F29C00BDB036 /* Frameworks */,
				865635701ED6F29C00BDB036 /* Resources */,
			);
			buildRules = (
			);
			dependencies = (
				8619CDAD1F039D0F0047F34D /* PBXTargetDependency */,
			);
			name = "AsyncDrawingKit-Demo";
			productName = "AsyncDrawingKit-Demo";
			productReference = 865635721ED6F29C00BDB036 /* AsyncDrawingKit-Demo.app */;
			productType = "com.apple.product-type.application";
		};
/* End PBXNativeTarget section */

/* Begin PBXProject section */
		8656356A1ED6F29C00BDB036 /* Project object */ = {
			isa = PBXProject;
			attributes = {
				LastSwiftUpdateCheck = 0830;
				LastUpgradeCheck = 0900;
				ORGANIZATIONNAME = DSKcpp;
				TargetAttributes = {
					865635711ED6F29C00BDB036 = {
						CreatedOnToolsVersion = 8.3.2;
						LastSwiftMigration = 0900;
						ProvisioningStyle = Automatic;
					};
				};
			};
			buildConfigurationList = 8656356D1ED6F29C00BDB036 /* Build configuration list for PBXProject "AsyncDrawingKit-Demo" */;
			compatibilityVersion = "Xcode 3.2";
			developmentRegion = English;
			hasScannedForEncodings = 0;
			knownRegions = (
				en,
				Base,
			);
			mainGroup = 865635691ED6F29C00BDB036;
			productRefGroup = 865635731ED6F29C00BDB036 /* Products */;
			projectDirPath = "";
			projectReferences = (
				{
					ProductGroup = 8619CD8B1F039CA50047F34D /* Products */;
					ProjectRef = 8619CD8A1F039CA50047F34D /* HandyJSON.xcodeproj */;
				},
			);
			projectRoot = "";
			targets = (
				865635711ED6F29C00BDB036 /* AsyncDrawingKit-Demo */,
			);
		};
/* End PBXProject section */

/* Begin PBXReferenceProxy section */
		8619CD9D1F039CA50047F34D /* HandyJSON.framework */ = {
			isa = PBXReferenceProxy;
			fileType = wrapper.framework;
			path = HandyJSON.framework;
			remoteRef = 8619CD9C1F039CA50047F34D /* PBXContainerItemProxy */;
			sourceTree = BUILT_PRODUCTS_DIR;
		};
		8619CD9F1F039CA50047F34D /* HandyJSONDemo.app */ = {
			isa = PBXReferenceProxy;
			fileType = wrapper.application;
			path = HandyJSONDemo.app;
			remoteRef = 8619CD9E1F039CA50047F34D /* PBXContainerItemProxy */;
			sourceTree = BUILT_PRODUCTS_DIR;
		};
		8619CDA11F039CA50047F34D /* HandyJSON iOS Tests.xctest */ = {
			isa = PBXReferenceProxy;
			fileType = wrapper.cfbundle;
			path = "HandyJSON iOS Tests.xctest";
			remoteRef = 8619CDA01F039CA50047F34D /* PBXContainerItemProxy */;
			sourceTree = BUILT_PRODUCTS_DIR;
		};
		8619CDA31F039CA50047F34D /* HandyJSON.framework */ = {
			isa = PBXReferenceProxy;
			fileType = wrapper.framework;
			path = HandyJSON.framework;
			remoteRef = 8619CDA21F039CA50047F34D /* PBXContainerItemProxy */;
			sourceTree = BUILT_PRODUCTS_DIR;
		};
		8619CDA51F039CA50047F34D /* HandyJSON.framework */ = {
			isa = PBXReferenceProxy;
			fileType = wrapper.framework;
			path = HandyJSON.framework;
			remoteRef = 8619CDA41F039CA50047F34D /* PBXContainerItemProxy */;
			sourceTree = BUILT_PRODUCTS_DIR;
		};
		8619CDA71F039CA50047F34D /* HandyJSON tvOS Tests.xctest */ = {
			isa = PBXReferenceProxy;
			fileType = wrapper.cfbundle;
			path = "HandyJSON tvOS Tests.xctest";
			remoteRef = 8619CDA61F039CA50047F34D /* PBXContainerItemProxy */;
			sourceTree = BUILT_PRODUCTS_DIR;
		};
		8619CDA91F039CA50047F34D /* HandyJSON.framework */ = {
			isa = PBXReferenceProxy;
			fileType = wrapper.framework;
			path = HandyJSON.framework;
			remoteRef = 8619CDA81F039CA50047F34D /* PBXContainerItemProxy */;
			sourceTree = BUILT_PRODUCTS_DIR;
		};
		8619CDAB1F039CA50047F34D /* HandyJSON macOS Tests.xctest */ = {
			isa = PBXReferenceProxy;
			fileType = wrapper.cfbundle;
			path = "HandyJSON macOS Tests.xctest";
			remoteRef = 8619CDAA1F039CA50047F34D /* PBXContainerItemProxy */;
			sourceTree = BUILT_PRODUCTS_DIR;
		};
/* End PBXReferenceProxy section */

/* Begin PBXResourcesBuildPhase section */
		865635701ED6F29C00BDB036 /* Resources */ = {
			isa = PBXResourcesBuildPhase;
			buildActionMask = 2147483647;
			files = (
				865635801ED6F29C00BDB036 /* LaunchScreen.storyboard in Resources */,
				86E9E9561ED9C43D00BF802B /* WBTimelineJSON.zip in Resources */,
				8656357D1ED6F29C00BDB036 /* Assets.xcassets in Resources */,
				8656357B1ED6F29C00BDB036 /* Main.storyboard in Resources */,
			);
			runOnlyForDeploymentPostprocessing = 0;
		};
/* End PBXResourcesBuildPhase section */

/* Begin PBXSourcesBuildPhase section */
		8656356E1ED6F29C00BDB036 /* Sources */ = {
			isa = PBXSourcesBuildPhase;
			buildActionMask = 2147483647;
			files = (
				86E9E96A1EDB308700BF802B /* NSData+Gzip.m in Sources */,
				862ADAD41ED8787F00213A57 /* WBTimelineViewController.swift in Sources */,
				8619CDB61F03A2C80047F34D /* WBTimelineTableViewCellDrawingContext.swift in Sources */,
				86E9E9531ED9C3DC00BF802B /* WBTimelineContentView.swift in Sources */,
				865635761ED6F29C00BDB036 /* AppDelegate.swift in Sources */,
				86E9E9661ED9CB6700BF802B /* WBCardsModel.swift in Sources */,
				862ADAD61ED878B400213A57 /* WBTImelineTableViewCell.swift in Sources */,
				8619CDB91F03A61A0047F34D /* Preset.swift in Sources */,
				8619CDB41F03A21A0047F34D /* WBTimelineTextContentView.swift in Sources */,
			);
			runOnlyForDeploymentPostprocessing = 0;
		};
/* End PBXSourcesBuildPhase section */

/* Begin PBXTargetDependency section */
		8619CDAD1F039D0F0047F34D /* PBXTargetDependency */ = {
			isa = PBXTargetDependency;
			name = "HandyJSON iOS";
			targetProxy = 8619CDAC1F039D0F0047F34D /* PBXContainerItemProxy */;
		};
/* End PBXTargetDependency section */

/* Begin PBXVariantGroup section */
		865635791ED6F29C00BDB036 /* Main.storyboard */ = {
			isa = PBXVariantGroup;
			children = (
				8656357A1ED6F29C00BDB036 /* Base */,
			);
			name = Main.storyboard;
			sourceTree = "<group>";
		};
		8656357E1ED6F29C00BDB036 /* LaunchScreen.storyboard */ = {
			isa = PBXVariantGroup;
			children = (
				8656357F1ED6F29C00BDB036 /* Base */,
			);
			name = LaunchScreen.storyboard;
			sourceTree = "<group>";
		};
/* End PBXVariantGroup section */

/* Begin XCBuildConfiguration section */
		865635821ED6F29C00BDB036 /* Debug */ = {
			isa = XCBuildConfiguration;
			buildSettings = {
				ALWAYS_SEARCH_USER_PATHS = NO;
				CLANG_ANALYZER_NONNULL = YES;
				CLANG_ANALYZER_NUMBER_OBJECT_CONVERSION = YES_AGGRESSIVE;
				CLANG_CXX_LANGUAGE_STANDARD = "gnu++0x";
				CLANG_CXX_LIBRARY = "libc++";
				CLANG_ENABLE_MODULES = YES;
				CLANG_ENABLE_OBJC_ARC = YES;
				CLANG_WARN_BLOCK_CAPTURE_AUTORELEASING = YES;
				CLANG_WARN_BOOL_CONVERSION = YES;
				CLANG_WARN_COMMA = YES;
				CLANG_WARN_CONSTANT_CONVERSION = YES;
				CLANG_WARN_DIRECT_OBJC_ISA_USAGE = YES_ERROR;
				CLANG_WARN_DOCUMENTATION_COMMENTS = YES;
				CLANG_WARN_EMPTY_BODY = YES;
				CLANG_WARN_ENUM_CONVERSION = YES;
				CLANG_WARN_INFINITE_RECURSION = YES;
				CLANG_WARN_INT_CONVERSION = YES;
				CLANG_WARN_NON_LITERAL_NULL_CONVERSION = YES;
				CLANG_WARN_OBJC_LITERAL_CONVERSION = YES;
				CLANG_WARN_OBJC_ROOT_CLASS = YES_ERROR;
				CLANG_WARN_RANGE_LOOP_ANALYSIS = YES;
				CLANG_WARN_STRICT_PROTOTYPES = YES;
				CLANG_WARN_SUSPICIOUS_MOVE = YES;
				CLANG_WARN_UNREACHABLE_CODE = YES;
				CLANG_WARN__DUPLICATE_METHOD_MATCH = YES;
				"CODE_SIGN_IDENTITY[sdk=iphoneos*]" = "iPhone Developer";
				COPY_PHASE_STRIP = NO;
				DEBUG_INFORMATION_FORMAT = dwarf;
				ENABLE_STRICT_OBJC_MSGSEND = YES;
				ENABLE_TESTABILITY = YES;
				GCC_C_LANGUAGE_STANDARD = gnu99;
				GCC_DYNAMIC_NO_PIC = NO;
				GCC_NO_COMMON_BLOCKS = YES;
				GCC_OPTIMIZATION_LEVEL = 0;
				GCC_PREPROCESSOR_DEFINITIONS = (
					"DEBUG=1",
					"$(inherited)",
				);
				GCC_WARN_64_TO_32_BIT_CONVERSION = YES;
				GCC_WARN_ABOUT_RETURN_TYPE = YES_ERROR;
				GCC_WARN_UNDECLARED_SELECTOR = YES;
				GCC_WARN_UNINITIALIZED_AUTOS = YES_AGGRESSIVE;
				GCC_WARN_UNUSED_FUNCTION = YES;
				GCC_WARN_UNUSED_VARIABLE = YES;
				IPHONEOS_DEPLOYMENT_TARGET = 10.3;
				MTL_ENABLE_DEBUG_INFO = YES;
				ONLY_ACTIVE_ARCH = YES;
				SDKROOT = iphoneos;
				SWIFT_ACTIVE_COMPILATION_CONDITIONS = DEBUG;
				SWIFT_OPTIMIZATION_LEVEL = "-Onone";
				TARGETED_DEVICE_FAMILY = "1,2";
			};
			name = Debug;
		};
		865635831ED6F29C00BDB036 /* Release */ = {
			isa = XCBuildConfiguration;
			buildSettings = {
				ALWAYS_SEARCH_USER_PATHS = NO;
				CLANG_ANALYZER_NONNULL = YES;
				CLANG_ANALYZER_NUMBER_OBJECT_CONVERSION = YES_AGGRESSIVE;
				CLANG_CXX_LANGUAGE_STANDARD = "gnu++0x";
				CLANG_CXX_LIBRARY = "libc++";
				CLANG_ENABLE_MODULES = YES;
				CLANG_ENABLE_OBJC_ARC = YES;
				CLANG_WARN_BLOCK_CAPTURE_AUTORELEASING = YES;
				CLANG_WARN_BOOL_CONVERSION = YES;
				CLANG_WARN_COMMA = YES;
				CLANG_WARN_CONSTANT_CONVERSION = YES;
				CLANG_WARN_DIRECT_OBJC_ISA_USAGE = YES_ERROR;
				CLANG_WARN_DOCUMENTATION_COMMENTS = YES;
				CLANG_WARN_EMPTY_BODY = YES;
				CLANG_WARN_ENUM_CONVERSION = YES;
				CLANG_WARN_INFINITE_RECURSION = YES;
				CLANG_WARN_INT_CONVERSION = YES;
				CLANG_WARN_NON_LITERAL_NULL_CONVERSION = YES;
				CLANG_WARN_OBJC_LITERAL_CONVERSION = YES;
				CLANG_WARN_OBJC_ROOT_CLASS = YES_ERROR;
				CLANG_WARN_RANGE_LOOP_ANALYSIS = YES;
				CLANG_WARN_STRICT_PROTOTYPES = YES;
				CLANG_WARN_SUSPICIOUS_MOVE = YES;
				CLANG_WARN_UNREACHABLE_CODE = YES;
				CLANG_WARN__DUPLICATE_METHOD_MATCH = YES;
				"CODE_SIGN_IDENTITY[sdk=iphoneos*]" = "iPhone Developer";
				COPY_PHASE_STRIP = NO;
				DEBUG_INFORMATION_FORMAT = "dwarf-with-dsym";
				ENABLE_NS_ASSERTIONS = NO;
				ENABLE_STRICT_OBJC_MSGSEND = YES;
				GCC_C_LANGUAGE_STANDARD = gnu99;
				GCC_NO_COMMON_BLOCKS = YES;
				GCC_WARN_64_TO_32_BIT_CONVERSION = YES;
				GCC_WARN_ABOUT_RETURN_TYPE = YES_ERROR;
				GCC_WARN_UNDECLARED_SELECTOR = YES;
				GCC_WARN_UNINITIALIZED_AUTOS = YES_AGGRESSIVE;
				GCC_WARN_UNUSED_FUNCTION = YES;
				GCC_WARN_UNUSED_VARIABLE = YES;
				IPHONEOS_DEPLOYMENT_TARGET = 10.3;
				MTL_ENABLE_DEBUG_INFO = NO;
				SDKROOT = iphoneos;
				SWIFT_OPTIMIZATION_LEVEL = "-Owholemodule";
				TARGETED_DEVICE_FAMILY = "1,2";
				VALIDATE_PRODUCT = YES;
			};
			name = Release;
		};
		865635851ED6F29C00BDB036 /* Debug */ = {
			isa = XCBuildConfiguration;
			buildSettings = {
				ASSETCATALOG_COMPILER_APPICON_NAME = AppIcon;
				CLANG_ENABLE_MODULES = YES;
				INFOPLIST_FILE = "AsyncDrawingKit-Demo/Info.plist";
				LD_RUNPATH_SEARCH_PATHS = "$(inherited) @executable_path/Frameworks";
				PRODUCT_BUNDLE_IDENTIFIER = "com.dskcpp.AsyncDrawingKit-Demo";
				PRODUCT_NAME = "$(TARGET_NAME)";
				SWIFT_INCLUDE_PATHS = zlib;
				SWIFT_OBJC_BRIDGING_HEADER = "AsyncDrawingKit-Demo/AsyncDrawingKit-Demo-Bridging-Header.h";
				SWIFT_OPTIMIZATION_LEVEL = "-Onone";
				SWIFT_SWIFT3_OBJC_INFERENCE = On;
				SWIFT_VERSION = 3.0;
			};
			name = Debug;
		};
		865635861ED6F29C00BDB036 /* Release */ = {
			isa = XCBuildConfiguration;
			buildSettings = {
				ASSETCATALOG_COMPILER_APPICON_NAME = AppIcon;
				CLANG_ENABLE_MODULES = YES;
				INFOPLIST_FILE = "AsyncDrawingKit-Demo/Info.plist";
				LD_RUNPATH_SEARCH_PATHS = "$(inherited) @executable_path/Frameworks";
				PRODUCT_BUNDLE_IDENTIFIER = "com.dskcpp.AsyncDrawingKit-Demo";
				PRODUCT_NAME = "$(TARGET_NAME)";
				SWIFT_INCLUDE_PATHS = zlib;
				SWIFT_OBJC_BRIDGING_HEADER = "AsyncDrawingKit-Demo/AsyncDrawingKit-Demo-Bridging-Header.h";
				SWIFT_SWIFT3_OBJC_INFERENCE = On;
				SWIFT_VERSION = 3.0;
			};
			name = Release;
		};
/* End XCBuildConfiguration section */

/* Begin XCConfigurationList section */
		8656356D1ED6F29C00BDB036 /* Build configuration list for PBXProject "AsyncDrawingKit-Demo" */ = {
			isa = XCConfigurationList;
			buildConfigurations = (
				865635821ED6F29C00BDB036 /* Debug */,
				865635831ED6F29C00BDB036 /* Release */,
			);
			defaultConfigurationIsVisible = 0;
			defaultConfigurationName = Release;
		};
		865635841ED6F29C00BDB036 /* Build configuration list for PBXNativeTarget "AsyncDrawingKit-Demo" */ = {
			isa = XCConfigurationList;
			buildConfigurations = (
				865635851ED6F29C00BDB036 /* Debug */,
				865635861ED6F29C00BDB036 /* Release */,
			);
			defaultConfigurationIsVisible = 0;
			defaultConfigurationName = Release;
		};
/* End XCConfigurationList section */
	};
	rootObject = 8656356A1ED6F29C00BDB036 /* Project object */;
}
