// !$*UTF8*$!
{
	archiveVersion = 1;
	classes = {
	};
	objectVersion = 46;
	objects = {

/* Begin PBXBuildFile section */
		860FC3A91DF2D45E0037AE51 /* emoticon_info.plist in Resources */ = {isa = PBXBuildFile; fileRef = 860FC3A81DF2D45E0037AE51 /* emoticon_info.plist */; };
		860FC3AC1DF2D4980037AE51 /* WBEmoticonManager.m in Sources */ = {isa = PBXBuildFile; fileRef = 860FC3AB1DF2D4980037AE51 /* WBEmoticonManager.m */; };
		861EB1CD1DB10F0B005C07C7 /* ImageViewTableViewController.m in Sources */ = {isa = PBXBuildFile; fileRef = 861EB1CC1DB10F0B005C07C7 /* ImageViewTableViewController.m */; };
		861EB1D61DB11563005C07C7 /* PPTextRenderer.m in Sources */ = {isa = PBXBuildFile; fileRef = 861EB1D51DB11563005C07C7 /* PPTextRenderer.m */; };
		861EB1DB1DB11E28005C07C7 /* WBTimelineItem.m in Sources */ = {isa = PBXBuildFile; fileRef = 861EB1DA1DB11E28005C07C7 /* WBTimelineItem.m */; };
		861EB1E21DB11EBD005C07C7 /* NSObject+YYModel.m in Sources */ = {isa = PBXBuildFile; fileRef = 861EB1DE1DB11EBD005C07C7 /* NSObject+YYModel.m */; };
		861EB1E31DB11EBD005C07C7 /* YYClassInfo.m in Sources */ = {isa = PBXBuildFile; fileRef = 861EB1E01DB11EBD005C07C7 /* YYClassInfo.m */; };
		861F1C541DB126650002BE2E /* WBTimelineViewController.m in Sources */ = {isa = PBXBuildFile; fileRef = 861F1C531DB126650002BE2E /* WBTimelineViewController.m */; };
		863952AE1D3FBA1400904204 /* PPAsyncDrawingView.m in Sources */ = {isa = PBXBuildFile; fileRef = 863952A91D3FBA1400904204 /* PPAsyncDrawingView.m */; };
		863ADA8F1DC47F1300AC582D /* PPTextAttachment.m in Sources */ = {isa = PBXBuildFile; fileRef = 863ADA8E1DC47F1300AC582D /* PPTextAttachment.m */; };
		8651C4FE1DC1FD3F0092569A /* PPButton.m in Sources */ = {isa = PBXBuildFile; fileRef = 8651C4FD1DC1FD3F0092569A /* PPButton.m */; };
		86553B451DEC813E00ED22A4 /* PPTextActiveRange.m in Sources */ = {isa = PBXBuildFile; fileRef = 86553B441DEC813E00ED22A4 /* PPTextActiveRange.m */; };
		86553B841DF2CCF900ED22A4 /* WBUITextAttachment.m in Sources */ = {isa = PBXBuildFile; fileRef = 86553B831DF2CCF800ED22A4 /* WBUITextAttachment.m */; };
		865857E41E230DD10047782A /* PPTextAttributedExample.m in Sources */ = {isa = PBXBuildFile; fileRef = 865857E31E230DD10047782A /* PPTextAttributedExample.m */; };
		8659A9101E15BCF200BC9F91 /* WBWebViewController.m in Sources */ = {isa = PBXBuildFile; fileRef = 8659A90F1E15BCF200BC9F91 /* WBWebViewController.m */; };
		8659A9131E15BEF700BC9F91 /* WebKit.framework in Frameworks */ = {isa = PBXBuildFile; fileRef = 8659A9121E15BEF700BC9F91 /* WebKit.framework */; };
		865CF7171DFA8BE2003DCA01 /* WBTimelineLargeCardView.m in Sources */ = {isa = PBXBuildFile; fileRef = 865CF7161DFA8BE2003DCA01 /* WBTimelineLargeCardView.m */; };
		865CF71A1DFAA6EB003DCA01 /* PPIsomerismTextView.m in Sources */ = {isa = PBXBuildFile; fileRef = 865CF7191DFAA6EB003DCA01 /* PPIsomerismTextView.m */; };
		865CF7211DFC8B53003DCA01 /* NSDate+PPASDK.m in Sources */ = {isa = PBXBuildFile; fileRef = 865CF7201DFC8B53003DCA01 /* NSDate+PPASDK.m */; };
		867F77A21DB77C7C004FCEBA /* PPWebImageView.m in Sources */ = {isa = PBXBuildFile; fileRef = 867F77A11DB77C7C004FCEBA /* PPWebImageView.m */; };
		869AFD161DDC5F7F00842C6C /* UIView+Frame.m in Sources */ = {isa = PBXBuildFile; fileRef = 869AFD151DDC5F7F00842C6C /* UIView+Frame.m */; };
		869AFD1C1DDC674900842C6C /* UIImage+Color.m in Sources */ = {isa = PBXBuildFile; fileRef = 869AFD1B1DDC674900842C6C /* UIImage+Color.m */; };
		86A044F41E0FE7F5000A52A9 /* PPImage.m in Sources */ = {isa = PBXBuildFile; fileRef = 86A044F31E0FE7F5000A52A9 /* PPImage.m */; };
		86A044F81E0FF097000A52A9 /* PPImage+WebP.m in Sources */ = {isa = PBXBuildFile; fileRef = 86A044F71E0FF097000A52A9 /* PPImage+WebP.m */; };
		86A044FB1E103083000A52A9 /* NSData+PPImageContentType.m in Sources */ = {isa = PBXBuildFile; fileRef = 86A044FA1E103083000A52A9 /* NSData+PPImageContentType.m */; };
		86A0CCF61E21EC73006C3F0A /* NSString+PPASDK.m in Sources */ = {isa = PBXBuildFile; fileRef = 86A0CCF51E21EC73006C3F0A /* NSString+PPASDK.m */; };
		86A98D2C1D92E446008F0A7E /* PPUIControl.m in Sources */ = {isa = PBXBuildFile; fileRef = 86A98D2B1D92E446008F0A7E /* PPUIControl.m */; };
		86A98D351D92F582008F0A7E /* PPImageView.m in Sources */ = {isa = PBXBuildFile; fileRef = 86A98D341D92F582008F0A7E /* PPImageView.m */; };
		86AED6581DD1D63D00887F3B /* NSString+PPAsyncDrawingKit.m in Sources */ = {isa = PBXBuildFile; fileRef = 86AED6571DD1D63D00887F3B /* NSString+PPAsyncDrawingKit.m */; };
		86AED6621DD1DB2C00887F3B /* UIImage+PPAsyncDrawingKit.m in Sources */ = {isa = PBXBuildFile; fileRef = 86AED6611DD1DB2C00887F3B /* UIImage+PPAsyncDrawingKit.m */; };
		86AED6651DD1DCD200887F3B /* NSAttributedString+PPAsyncDrawingKit.m in Sources */ = {isa = PBXBuildFile; fileRef = 86AED6641DD1DCD200887F3B /* NSAttributedString+PPAsyncDrawingKit.m */; };
		86AED6691DD46E5A00887F3B /* WBTimelineContentView.m in Sources */ = {isa = PBXBuildFile; fileRef = 86AED6681DD46E5A00887F3B /* WBTimelineContentView.m */; };
		86AED66C1DD4780300887F3B /* WBTimelineTableViewCellDrawingContext.m in Sources */ = {isa = PBXBuildFile; fileRef = 86AED66B1DD4780300887F3B /* WBTimelineTableViewCellDrawingContext.m */; };
		86AED66F1DD4832200887F3B /* WBTimelineTextContentView.m in Sources */ = {isa = PBXBuildFile; fileRef = 86AED66E1DD4832200887F3B /* WBTimelineTextContentView.m */; };
		86AED6721DD491FE00887F3B /* WBTimelineScreenNameLabel.m in Sources */ = {isa = PBXBuildFile; fileRef = 86AED6711DD491FE00887F3B /* WBTimelineScreenNameLabel.m */; };
		86D7C2551DE41E7F001D88E8 /* WebP.framework in Frameworks */ = {isa = PBXBuildFile; fileRef = 86D7C2541DE41E7F001D88E8 /* WebP.framework */; };
		86D7C25F1DE45812001D88E8 /* WBTimelineAttributedTextParser.m in Sources */ = {isa = PBXBuildFile; fileRef = 86D7C2581DE45812001D88E8 /* WBTimelineAttributedTextParser.m */; };
		86D7C2611DE45812001D88E8 /* PPAttributedTextRange.m in Sources */ = {isa = PBXBuildFile; fileRef = 86D7C25C1DE45812001D88E8 /* PPAttributedTextRange.m */; };
		86D7C2621DE45812001D88E8 /* PPFlavoredRange.m in Sources */ = {isa = PBXBuildFile; fileRef = 86D7C25E1DE45812001D88E8 /* PPFlavoredRange.m */; };
		86D7C2661DE5BBAE001D88E8 /* PPImageCache.m in Sources */ = {isa = PBXBuildFile; fileRef = 86D7C2651DE5BBAE001D88E8 /* PPImageCache.m */; };
		86D7C2691DE6743B001D88E8 /* PPWebImageManager.m in Sources */ = {isa = PBXBuildFile; fileRef = 86D7C2681DE6743B001D88E8 /* PPWebImageManager.m */; };
		86D7C26C1DE677C2001D88E8 /* PPImageLoadOperation.m in Sources */ = {isa = PBXBuildFile; fileRef = 86D7C26B1DE677C2001D88E8 /* PPImageLoadOperation.m */; };
		86D7C26F1DE678E8001D88E8 /* PPImageLoadRequest.m in Sources */ = {isa = PBXBuildFile; fileRef = 86D7C26E1DE678E8001D88E8 /* PPImageLoadRequest.m */; };
		86E3D1B71E1DE3F300ED53D2 /* WBTimelineJSON.json in Resources */ = {isa = PBXBuildFile; fileRef = 86E3D1B61E1DE3F300ED53D2 /* WBTimelineJSON.json */; };
		86EB758F1D2393CC005F14A1 /* main.m in Sources */ = {isa = PBXBuildFile; fileRef = 86EB758E1D2393CC005F14A1 /* main.m */; };
		86EB75921D2393CC005F14A1 /* AppDelegate.m in Sources */ = {isa = PBXBuildFile; fileRef = 86EB75911D2393CC005F14A1 /* AppDelegate.m */; };
		86EB75951D2393CC005F14A1 /* ViewController.m in Sources */ = {isa = PBXBuildFile; fileRef = 86EB75941D2393CC005F14A1 /* ViewController.m */; };
		86EB75981D2393CC005F14A1 /* Main.storyboard in Resources */ = {isa = PBXBuildFile; fileRef = 86EB75961D2393CC005F14A1 /* Main.storyboard */; };
		86EB759A1D2393CC005F14A1 /* Assets.xcassets in Resources */ = {isa = PBXBuildFile; fileRef = 86EB75991D2393CC005F14A1 /* Assets.xcassets */; };
		86EB759D1D2393CC005F14A1 /* LaunchScreen.storyboard in Resources */ = {isa = PBXBuildFile; fileRef = 86EB759B1D2393CC005F14A1 /* LaunchScreen.storyboard */; };
		86EF6AAA1DB12F1A006464CE /* WBTimelineTableViewCell.m in Sources */ = {isa = PBXBuildFile; fileRef = 86EF6AA91DB12F1A006464CE /* WBTimelineTableViewCell.m */; };
		86EF6AAE1DB132F9006464CE /* PPTextExmaple.m in Sources */ = {isa = PBXBuildFile; fileRef = 86EF6AAD1DB132F9006464CE /* PPTextExmaple.m */; };
		86EF6AB11DB13677006464CE /* PPTextLayout.m in Sources */ = {isa = PBXBuildFile; fileRef = 86EF6AB01DB13677006464CE /* PPTextLayout.m */; };
		86EF6AB41DB136B8006464CE /* PPTextLayoutFrame.m in Sources */ = {isa = PBXBuildFile; fileRef = 86EF6AB31DB136B8006464CE /* PPTextLayoutFrame.m */; };
		86EF6AB71DB215F7006464CE /* PPLabel.m in Sources */ = {isa = PBXBuildFile; fileRef = 86EF6AB61DB215F7006464CE /* PPLabel.m */; };
		86EF6AC01DB36E78006464CE /* PPTextStorage.m in Sources */ = {isa = PBXBuildFile; fileRef = 86EF6ABF1DB36E78006464CE /* PPTextStorage.m */; };
		86EF6AC31DB36EA2006464CE /* PPTextParagraphStyle.m in Sources */ = {isa = PBXBuildFile; fileRef = 86EF6AC21DB36EA2006464CE /* PPTextParagraphStyle.m */; };
		86EF6AD91DB390F8006464CE /* PPAsyncDrawingKitUtilities.m in Sources */ = {isa = PBXBuildFile; fileRef = 86EF6AD81DB390F8006464CE /* PPAsyncDrawingKitUtilities.m */; };
		86EFEF261DBF9D800003E078 /* YYFPSLabel.m in Sources */ = {isa = PBXBuildFile; fileRef = 86EFEF251DBF9D800003E078 /* YYFPSLabel.m */; };
		86EFEF291DC100030003E078 /* PPTextLayoutLine.m in Sources */ = {isa = PBXBuildFile; fileRef = 86EFEF281DC100030003E078 /* PPTextLayoutLine.m */; };
		86F6BED01DF675D2006D0419 /* PPTextHighlightRange.m in Sources */ = {isa = PBXBuildFile; fileRef = 86F6BECF1DF675D2006D0419 /* PPTextHighlightRange.m */; };
		86FCDA951DDC7B3200CB2563 /* WBTimelineImageContentView.m in Sources */ = {isa = PBXBuildFile; fileRef = 86FCDA941DDC7B3200CB2563 /* WBTimelineImageContentView.m */; };
		86FCDA981DDC7BD200CB2563 /* WBTimelineContentImageViewLayouter.m in Sources */ = {isa = PBXBuildFile; fileRef = 86FCDA971DDC7BD200CB2563 /* WBTimelineContentImageViewLayouter.m */; };
		86FCDAE01DE18FF700CB2563 /* WBTimelinePreset.m in Sources */ = {isa = PBXBuildFile; fileRef = 86FCDADF1DE18FF700CB2563 /* WBTimelinePreset.m */; };
/* End PBXBuildFile section */

/* Begin PBXFileReference section */
		860FC3A81DF2D45E0037AE51 /* emoticon_info.plist */ = {isa = PBXFileReference; fileEncoding = 4; lastKnownFileType = text.plist.xml; path = emoticon_info.plist; sourceTree = "<group>"; };
		860FC3AA1DF2D4980037AE51 /* WBEmoticonManager.h */ = {isa = PBXFileReference; fileEncoding = 4; lastKnownFileType = sourcecode.c.h; path = WBEmoticonManager.h; sourceTree = "<group>"; };
		860FC3AB1DF2D4980037AE51 /* WBEmoticonManager.m */ = {isa = PBXFileReference; fileEncoding = 4; lastKnownFileType = sourcecode.c.objc; path = WBEmoticonManager.m; sourceTree = "<group>"; };
		861EB1CB1DB10F0B005C07C7 /* ImageViewTableViewController.h */ = {isa = PBXFileReference; fileEncoding = 4; lastKnownFileType = sourcecode.c.h; path = ImageViewTableViewController.h; sourceTree = "<group>"; };
		861EB1CC1DB10F0B005C07C7 /* ImageViewTableViewController.m */ = {isa = PBXFileReference; fileEncoding = 4; lastKnownFileType = sourcecode.c.objc; path = ImageViewTableViewController.m; sourceTree = "<group>"; };
		861EB1D41DB11563005C07C7 /* PPTextRenderer.h */ = {isa = PBXFileReference; fileEncoding = 4; lastKnownFileType = sourcecode.c.h; path = PPTextRenderer.h; sourceTree = "<group>"; };
		861EB1D51DB11563005C07C7 /* PPTextRenderer.m */ = {isa = PBXFileReference; fileEncoding = 4; lastKnownFileType = sourcecode.c.objc; path = PPTextRenderer.m; sourceTree = "<group>"; };
		861EB1D91DB11E28005C07C7 /* WBTimelineItem.h */ = {isa = PBXFileReference; fileEncoding = 4; lastKnownFileType = sourcecode.c.h; path = WBTimelineItem.h; sourceTree = "<group>"; };
		861EB1DA1DB11E28005C07C7 /* WBTimelineItem.m */ = {isa = PBXFileReference; fileEncoding = 4; lastKnownFileType = sourcecode.c.objc; path = WBTimelineItem.m; sourceTree = "<group>"; };
		861EB1DD1DB11EBD005C07C7 /* NSObject+YYModel.h */ = {isa = PBXFileReference; fileEncoding = 4; lastKnownFileType = sourcecode.c.h; path = "NSObject+YYModel.h"; sourceTree = "<group>"; };
		861EB1DE1DB11EBD005C07C7 /* NSObject+YYModel.m */ = {isa = PBXFileReference; fileEncoding = 4; lastKnownFileType = sourcecode.c.objc; path = "NSObject+YYModel.m"; sourceTree = "<group>"; };
		861EB1DF1DB11EBD005C07C7 /* YYClassInfo.h */ = {isa = PBXFileReference; fileEncoding = 4; lastKnownFileType = sourcecode.c.h; path = YYClassInfo.h; sourceTree = "<group>"; };
		861EB1E01DB11EBD005C07C7 /* YYClassInfo.m */ = {isa = PBXFileReference; fileEncoding = 4; lastKnownFileType = sourcecode.c.objc; path = YYClassInfo.m; sourceTree = "<group>"; };
		861EB1E11DB11EBD005C07C7 /* YYModel.h */ = {isa = PBXFileReference; fileEncoding = 4; lastKnownFileType = sourcecode.c.h; path = YYModel.h; sourceTree = "<group>"; };
		861F1C521DB126650002BE2E /* WBTimelineViewController.h */ = {isa = PBXFileReference; fileEncoding = 4; lastKnownFileType = sourcecode.c.h; path = WBTimelineViewController.h; sourceTree = "<group>"; };
		861F1C531DB126650002BE2E /* WBTimelineViewController.m */ = {isa = PBXFileReference; fileEncoding = 4; lastKnownFileType = sourcecode.c.objc; path = WBTimelineViewController.m; sourceTree = "<group>"; };
		863952A81D3FBA1400904204 /* PPAsyncDrawingView.h */ = {isa = PBXFileReference; fileEncoding = 4; lastKnownFileType = sourcecode.c.h; path = PPAsyncDrawingView.h; sourceTree = "<group>"; };
		863952A91D3FBA1400904204 /* PPAsyncDrawingView.m */ = {isa = PBXFileReference; fileEncoding = 4; lastKnownFileType = sourcecode.c.objc; path = PPAsyncDrawingView.m; sourceTree = "<group>"; };
		863ADA8D1DC47F1300AC582D /* PPTextAttachment.h */ = {isa = PBXFileReference; fileEncoding = 4; lastKnownFileType = sourcecode.c.h; path = PPTextAttachment.h; sourceTree = "<group>"; };
		863ADA8E1DC47F1300AC582D /* PPTextAttachment.m */ = {isa = PBXFileReference; fileEncoding = 4; lastKnownFileType = sourcecode.c.objc; path = PPTextAttachment.m; sourceTree = "<group>"; };
		8651C4FC1DC1FD3F0092569A /* PPButton.h */ = {isa = PBXFileReference; fileEncoding = 4; lastKnownFileType = sourcecode.c.h; path = PPButton.h; sourceTree = "<group>"; };
		8651C4FD1DC1FD3F0092569A /* PPButton.m */ = {isa = PBXFileReference; fileEncoding = 4; lastKnownFileType = sourcecode.c.objc; path = PPButton.m; sourceTree = "<group>"; };
		86553B431DEC813E00ED22A4 /* PPTextActiveRange.h */ = {isa = PBXFileReference; fileEncoding = 4; lastKnownFileType = sourcecode.c.h; path = PPTextActiveRange.h; sourceTree = "<group>"; };
		86553B441DEC813E00ED22A4 /* PPTextActiveRange.m */ = {isa = PBXFileReference; fileEncoding = 4; lastKnownFileType = sourcecode.c.objc; path = PPTextActiveRange.m; sourceTree = "<group>"; };
		86553B821DF2CCF800ED22A4 /* WBUITextAttachment.h */ = {isa = PBXFileReference; fileEncoding = 4; lastKnownFileType = sourcecode.c.h; path = WBUITextAttachment.h; sourceTree = "<group>"; };
		86553B831DF2CCF800ED22A4 /* WBUITextAttachment.m */ = {isa = PBXFileReference; fileEncoding = 4; lastKnownFileType = sourcecode.c.objc; path = WBUITextAttachment.m; sourceTree = "<group>"; };
		865857E21E230DD10047782A /* PPTextAttributedExample.h */ = {isa = PBXFileReference; fileEncoding = 4; lastKnownFileType = sourcecode.c.h; path = PPTextAttributedExample.h; sourceTree = "<group>"; };
		865857E31E230DD10047782A /* PPTextAttributedExample.m */ = {isa = PBXFileReference; fileEncoding = 4; lastKnownFileType = sourcecode.c.objc; path = PPTextAttributedExample.m; sourceTree = "<group>"; };
		8659A90E1E15BCF200BC9F91 /* WBWebViewController.h */ = {isa = PBXFileReference; fileEncoding = 4; lastKnownFileType = sourcecode.c.h; path = WBWebViewController.h; sourceTree = "<group>"; };
		8659A90F1E15BCF200BC9F91 /* WBWebViewController.m */ = {isa = PBXFileReference; fileEncoding = 4; lastKnownFileType = sourcecode.c.objc; path = WBWebViewController.m; sourceTree = "<group>"; };
		8659A9121E15BEF700BC9F91 /* WebKit.framework */ = {isa = PBXFileReference; lastKnownFileType = wrapper.framework; name = WebKit.framework; path = System/Library/Frameworks/WebKit.framework; sourceTree = SDKROOT; };
		865CF7151DFA8BE2003DCA01 /* WBTimelineLargeCardView.h */ = {isa = PBXFileReference; fileEncoding = 4; lastKnownFileType = sourcecode.c.h; path = WBTimelineLargeCardView.h; sourceTree = "<group>"; };
		865CF7161DFA8BE2003DCA01 /* WBTimelineLargeCardView.m */ = {isa = PBXFileReference; fileEncoding = 4; lastKnownFileType = sourcecode.c.objc; path = WBTimelineLargeCardView.m; sourceTree = "<group>"; };
		865CF7181DFAA6EB003DCA01 /* PPIsomerismTextView.h */ = {isa = PBXFileReference; fileEncoding = 4; lastKnownFileType = sourcecode.c.h; path = PPIsomerismTextView.h; sourceTree = "<group>"; };
		865CF7191DFAA6EB003DCA01 /* PPIsomerismTextView.m */ = {isa = PBXFileReference; fileEncoding = 4; lastKnownFileType = sourcecode.c.objc; path = PPIsomerismTextView.m; sourceTree = "<group>"; };
		865CF71F1DFC8B53003DCA01 /* NSDate+PPASDK.h */ = {isa = PBXFileReference; fileEncoding = 4; lastKnownFileType = sourcecode.c.h; path = "NSDate+PPASDK.h"; sourceTree = "<group>"; };
		865CF7201DFC8B53003DCA01 /* NSDate+PPASDK.m */ = {isa = PBXFileReference; fileEncoding = 4; lastKnownFileType = sourcecode.c.objc; path = "NSDate+PPASDK.m"; sourceTree = "<group>"; };
		867F77A01DB77C7C004FCEBA /* PPWebImageView.h */ = {isa = PBXFileReference; fileEncoding = 4; lastKnownFileType = sourcecode.c.h; path = PPWebImageView.h; sourceTree = "<group>"; };
		867F77A11DB77C7C004FCEBA /* PPWebImageView.m */ = {isa = PBXFileReference; fileEncoding = 4; lastKnownFileType = sourcecode.c.objc; path = PPWebImageView.m; sourceTree = "<group>"; };
		869AFD141DDC5F7F00842C6C /* UIView+Frame.h */ = {isa = PBXFileReference; fileEncoding = 4; lastKnownFileType = sourcecode.c.h; path = "UIView+Frame.h"; sourceTree = "<group>"; };
		869AFD151DDC5F7F00842C6C /* UIView+Frame.m */ = {isa = PBXFileReference; fileEncoding = 4; lastKnownFileType = sourcecode.c.objc; path = "UIView+Frame.m"; sourceTree = "<group>"; };
		869AFD1A1DDC674900842C6C /* UIImage+Color.h */ = {isa = PBXFileReference; fileEncoding = 4; lastKnownFileType = sourcecode.c.h; path = "UIImage+Color.h"; sourceTree = "<group>"; };
		869AFD1B1DDC674900842C6C /* UIImage+Color.m */ = {isa = PBXFileReference; fileEncoding = 4; lastKnownFileType = sourcecode.c.objc; path = "UIImage+Color.m"; sourceTree = "<group>"; };
		86A044F21E0FE7F5000A52A9 /* PPImage.h */ = {isa = PBXFileReference; fileEncoding = 4; lastKnownFileType = sourcecode.c.h; path = PPImage.h; sourceTree = "<group>"; };
		86A044F31E0FE7F5000A52A9 /* PPImage.m */ = {isa = PBXFileReference; fileEncoding = 4; lastKnownFileType = sourcecode.c.objc; path = PPImage.m; sourceTree = "<group>"; };
		86A044F61E0FF097000A52A9 /* PPImage+WebP.h */ = {isa = PBXFileReference; fileEncoding = 4; lastKnownFileType = sourcecode.c.h; path = "PPImage+WebP.h"; sourceTree = "<group>"; };
		86A044F71E0FF097000A52A9 /* PPImage+WebP.m */ = {isa = PBXFileReference; fileEncoding = 4; lastKnownFileType = sourcecode.c.objc; path = "PPImage+WebP.m"; sourceTree = "<group>"; };
		86A044F91E103083000A52A9 /* NSData+PPImageContentType.h */ = {isa = PBXFileReference; fileEncoding = 4; lastKnownFileType = sourcecode.c.h; path = "NSData+PPImageContentType.h"; sourceTree = "<group>"; };
		86A044FA1E103083000A52A9 /* NSData+PPImageContentType.m */ = {isa = PBXFileReference; fileEncoding = 4; lastKnownFileType = sourcecode.c.objc; path = "NSData+PPImageContentType.m"; sourceTree = "<group>"; };
		86A0CCF41E21EC73006C3F0A /* NSString+PPASDK.h */ = {isa = PBXFileReference; fileEncoding = 4; lastKnownFileType = sourcecode.c.h; path = "NSString+PPASDK.h"; sourceTree = "<group>"; };
		86A0CCF51E21EC73006C3F0A /* NSString+PPASDK.m */ = {isa = PBXFileReference; fileEncoding = 4; lastKnownFileType = sourcecode.c.objc; path = "NSString+PPASDK.m"; sourceTree = "<group>"; };
		86A98D2A1D92E446008F0A7E /* PPUIControl.h */ = {isa = PBXFileReference; fileEncoding = 4; lastKnownFileType = sourcecode.c.h; path = PPUIControl.h; sourceTree = "<group>"; };
		86A98D2B1D92E446008F0A7E /* PPUIControl.m */ = {isa = PBXFileReference; fileEncoding = 4; lastKnownFileType = sourcecode.c.objc; path = PPUIControl.m; sourceTree = "<group>"; };
		86A98D331D92F582008F0A7E /* PPImageView.h */ = {isa = PBXFileReference; fileEncoding = 4; lastKnownFileType = sourcecode.c.h; path = PPImageView.h; sourceTree = "<group>"; };
		86A98D341D92F582008F0A7E /* PPImageView.m */ = {isa = PBXFileReference; fileEncoding = 4; lastKnownFileType = sourcecode.c.objc; path = PPImageView.m; sourceTree = "<group>"; };
		86AED6561DD1D63D00887F3B /* NSString+PPAsyncDrawingKit.h */ = {isa = PBXFileReference; fileEncoding = 4; lastKnownFileType = sourcecode.c.h; path = "NSString+PPAsyncDrawingKit.h"; sourceTree = "<group>"; };
		86AED6571DD1D63D00887F3B /* NSString+PPAsyncDrawingKit.m */ = {isa = PBXFileReference; fileEncoding = 4; lastKnownFileType = sourcecode.c.objc; path = "NSString+PPAsyncDrawingKit.m"; sourceTree = "<group>"; };
		86AED6601DD1DB2C00887F3B /* UIImage+PPAsyncDrawingKit.h */ = {isa = PBXFileReference; fileEncoding = 4; lastKnownFileType = sourcecode.c.h; path = "UIImage+PPAsyncDrawingKit.h"; sourceTree = "<group>"; };
		86AED6611DD1DB2C00887F3B /* UIImage+PPAsyncDrawingKit.m */ = {isa = PBXFileReference; fileEncoding = 4; lastKnownFileType = sourcecode.c.objc; path = "UIImage+PPAsyncDrawingKit.m"; sourceTree = "<group>"; };
		86AED6631DD1DCD200887F3B /* NSAttributedString+PPAsyncDrawingKit.h */ = {isa = PBXFileReference; fileEncoding = 4; lastKnownFileType = sourcecode.c.h; path = "NSAttributedString+PPAsyncDrawingKit.h"; sourceTree = "<group>"; };
		86AED6641DD1DCD200887F3B /* NSAttributedString+PPAsyncDrawingKit.m */ = {isa = PBXFileReference; fileEncoding = 4; lastKnownFileType = sourcecode.c.objc; path = "NSAttributedString+PPAsyncDrawingKit.m"; sourceTree = "<group>"; };
		86AED6671DD46E5A00887F3B /* WBTimelineContentView.h */ = {isa = PBXFileReference; fileEncoding = 4; lastKnownFileType = sourcecode.c.h; path = WBTimelineContentView.h; sourceTree = "<group>"; };
		86AED6681DD46E5A00887F3B /* WBTimelineContentView.m */ = {isa = PBXFileReference; fileEncoding = 4; lastKnownFileType = sourcecode.c.objc; path = WBTimelineContentView.m; sourceTree = "<group>"; };
		86AED66A1DD4780300887F3B /* WBTimelineTableViewCellDrawingContext.h */ = {isa = PBXFileReference; fileEncoding = 4; lastKnownFileType = sourcecode.c.h; path = WBTimelineTableViewCellDrawingContext.h; sourceTree = "<group>"; };
		86AED66B1DD4780300887F3B /* WBTimelineTableViewCellDrawingContext.m */ = {isa = PBXFileReference; fileEncoding = 4; lastKnownFileType = sourcecode.c.objc; path = WBTimelineTableViewCellDrawingContext.m; sourceTree = "<group>"; };
		86AED66D1DD4832200887F3B /* WBTimelineTextContentView.h */ = {isa = PBXFileReference; fileEncoding = 4; lastKnownFileType = sourcecode.c.h; path = WBTimelineTextContentView.h; sourceTree = "<group>"; };
		86AED66E1DD4832200887F3B /* WBTimelineTextContentView.m */ = {isa = PBXFileReference; fileEncoding = 4; lastKnownFileType = sourcecode.c.objc; path = WBTimelineTextContentView.m; sourceTree = "<group>"; };
		86AED6701DD491FE00887F3B /* WBTimelineScreenNameLabel.h */ = {isa = PBXFileReference; fileEncoding = 4; lastKnownFileType = sourcecode.c.h; path = WBTimelineScreenNameLabel.h; sourceTree = "<group>"; };
		86AED6711DD491FE00887F3B /* WBTimelineScreenNameLabel.m */ = {isa = PBXFileReference; fileEncoding = 4; lastKnownFileType = sourcecode.c.objc; path = WBTimelineScreenNameLabel.m; sourceTree = "<group>"; };
		86D7C2541DE41E7F001D88E8 /* WebP.framework */ = {isa = PBXFileReference; lastKnownFileType = wrapper.framework; path = WebP.framework; sourceTree = "<group>"; };
		86D7C2571DE45812001D88E8 /* WBTimelineAttributedTextParser.h */ = {isa = PBXFileReference; fileEncoding = 4; lastKnownFileType = sourcecode.c.h; path = WBTimelineAttributedTextParser.h; sourceTree = "<group>"; };
		86D7C2581DE45812001D88E8 /* WBTimelineAttributedTextParser.m */ = {isa = PBXFileReference; fileEncoding = 4; lastKnownFileType = sourcecode.c.objc; path = WBTimelineAttributedTextParser.m; sourceTree = "<group>"; };
		86D7C25B1DE45812001D88E8 /* PPAttributedTextRange.h */ = {isa = PBXFileReference; fileEncoding = 4; lastKnownFileType = sourcecode.c.h; path = PPAttributedTextRange.h; sourceTree = "<group>"; };
		86D7C25C1DE45812001D88E8 /* PPAttributedTextRange.m */ = {isa = PBXFileReference; fileEncoding = 4; lastKnownFileType = sourcecode.c.objc; path = PPAttributedTextRange.m; sourceTree = "<group>"; };
		86D7C25D1DE45812001D88E8 /* PPFlavoredRange.h */ = {isa = PBXFileReference; fileEncoding = 4; lastKnownFileType = sourcecode.c.h; path = PPFlavoredRange.h; sourceTree = "<group>"; };
		86D7C25E1DE45812001D88E8 /* PPFlavoredRange.m */ = {isa = PBXFileReference; fileEncoding = 4; lastKnownFileType = sourcecode.c.objc; path = PPFlavoredRange.m; sourceTree = "<group>"; };
		86D7C2641DE5BBAE001D88E8 /* PPImageCache.h */ = {isa = PBXFileReference; fileEncoding = 4; lastKnownFileType = sourcecode.c.h; path = PPImageCache.h; sourceTree = "<group>"; };
		86D7C2651DE5BBAE001D88E8 /* PPImageCache.m */ = {isa = PBXFileReference; fileEncoding = 4; lastKnownFileType = sourcecode.c.objc; path = PPImageCache.m; sourceTree = "<group>"; };
		86D7C2671DE6743B001D88E8 /* PPWebImageManager.h */ = {isa = PBXFileReference; fileEncoding = 4; lastKnownFileType = sourcecode.c.h; path = PPWebImageManager.h; sourceTree = "<group>"; };
		86D7C2681DE6743B001D88E8 /* PPWebImageManager.m */ = {isa = PBXFileReference; fileEncoding = 4; lastKnownFileType = sourcecode.c.objc; path = PPWebImageManager.m; sourceTree = "<group>"; };
		86D7C26A1DE677C2001D88E8 /* PPImageLoadOperation.h */ = {isa = PBXFileReference; fileEncoding = 4; lastKnownFileType = sourcecode.c.h; path = PPImageLoadOperation.h; sourceTree = "<group>"; };
		86D7C26B1DE677C2001D88E8 /* PPImageLoadOperation.m */ = {isa = PBXFileReference; fileEncoding = 4; lastKnownFileType = sourcecode.c.objc; path = PPImageLoadOperation.m; sourceTree = "<group>"; };
		86D7C26D1DE678E8001D88E8 /* PPImageLoadRequest.h */ = {isa = PBXFileReference; fileEncoding = 4; lastKnownFileType = sourcecode.c.h; path = PPImageLoadRequest.h; sourceTree = "<group>"; };
		86D7C26E1DE678E8001D88E8 /* PPImageLoadRequest.m */ = {isa = PBXFileReference; fileEncoding = 4; lastKnownFileType = sourcecode.c.objc; path = PPImageLoadRequest.m; sourceTree = "<group>"; };
		86E3D1B61E1DE3F300ED53D2 /* WBTimelineJSON.json */ = {isa = PBXFileReference; fileEncoding = 4; lastKnownFileType = text.json; path = WBTimelineJSON.json; sourceTree = "<group>"; };
		86EB758A1D2393CC005F14A1 /* PPAsyncDrawingKit.app */ = {isa = PBXFileReference; explicitFileType = wrapper.application; includeInIndex = 0; path = PPAsyncDrawingKit.app; sourceTree = BUILT_PRODUCTS_DIR; };
		86EB758E1D2393CC005F14A1 /* main.m */ = {isa = PBXFileReference; lastKnownFileType = sourcecode.c.objc; path = main.m; sourceTree = "<group>"; };
		86EB75901D2393CC005F14A1 /* AppDelegate.h */ = {isa = PBXFileReference; lastKnownFileType = sourcecode.c.h; path = AppDelegate.h; sourceTree = "<group>"; };
		86EB75911D2393CC005F14A1 /* AppDelegate.m */ = {isa = PBXFileReference; lastKnownFileType = sourcecode.c.objc; path = AppDelegate.m; sourceTree = "<group>"; };
		86EB75931D2393CC005F14A1 /* ViewController.h */ = {isa = PBXFileReference; lastKnownFileType = sourcecode.c.h; path = ViewController.h; sourceTree = "<group>"; };
		86EB75941D2393CC005F14A1 /* ViewController.m */ = {isa = PBXFileReference; lastKnownFileType = sourcecode.c.objc; path = ViewController.m; sourceTree = "<group>"; };
		86EB75971D2393CC005F14A1 /* Base */ = {isa = PBXFileReference; lastKnownFileType = file.storyboard; name = Base; path = Base.lproj/Main.storyboard; sourceTree = "<group>"; };
		86EB75991D2393CC005F14A1 /* Assets.xcassets */ = {isa = PBXFileReference; lastKnownFileType = folder.assetcatalog; path = Assets.xcassets; sourceTree = "<group>"; };
		86EB759C1D2393CC005F14A1 /* Base */ = {isa = PBXFileReference; lastKnownFileType = file.storyboard; name = Base; path = Base.lproj/LaunchScreen.storyboard; sourceTree = "<group>"; };
		86EB759E1D2393CC005F14A1 /* Info.plist */ = {isa = PBXFileReference; lastKnownFileType = text.plist.xml; path = Info.plist; sourceTree = "<group>"; };
		86EF6AA81DB12F1A006464CE /* WBTimelineTableViewCell.h */ = {isa = PBXFileReference; fileEncoding = 4; lastKnownFileType = sourcecode.c.h; path = WBTimelineTableViewCell.h; sourceTree = "<group>"; };
		86EF6AA91DB12F1A006464CE /* WBTimelineTableViewCell.m */ = {isa = PBXFileReference; fileEncoding = 4; lastKnownFileType = sourcecode.c.objc; path = WBTimelineTableViewCell.m; sourceTree = "<group>"; };
		86EF6AAC1DB132F9006464CE /* PPTextExmaple.h */ = {isa = PBXFileReference; fileEncoding = 4; lastKnownFileType = sourcecode.c.h; path = PPTextExmaple.h; sourceTree = "<group>"; };
		86EF6AAD1DB132F9006464CE /* PPTextExmaple.m */ = {isa = PBXFileReference; fileEncoding = 4; lastKnownFileType = sourcecode.c.objc; path = PPTextExmaple.m; sourceTree = "<group>"; };
		86EF6AAF1DB13677006464CE /* PPTextLayout.h */ = {isa = PBXFileReference; fileEncoding = 4; lastKnownFileType = sourcecode.c.h; path = PPTextLayout.h; sourceTree = "<group>"; };
		86EF6AB01DB13677006464CE /* PPTextLayout.m */ = {isa = PBXFileReference; fileEncoding = 4; lastKnownFileType = sourcecode.c.objc; path = PPTextLayout.m; sourceTree = "<group>"; };
		86EF6AB21DB136B8006464CE /* PPTextLayoutFrame.h */ = {isa = PBXFileReference; fileEncoding = 4; lastKnownFileType = sourcecode.c.h; path = PPTextLayoutFrame.h; sourceTree = "<group>"; };
		86EF6AB31DB136B8006464CE /* PPTextLayoutFrame.m */ = {isa = PBXFileReference; fileEncoding = 4; lastKnownFileType = sourcecode.c.objc; path = PPTextLayoutFrame.m; sourceTree = "<group>"; };
		86EF6AB51DB215F7006464CE /* PPLabel.h */ = {isa = PBXFileReference; fileEncoding = 4; lastKnownFileType = sourcecode.c.h; path = PPLabel.h; sourceTree = "<group>"; };
		86EF6AB61DB215F7006464CE /* PPLabel.m */ = {isa = PBXFileReference; fileEncoding = 4; lastKnownFileType = sourcecode.c.objc; path = PPLabel.m; sourceTree = "<group>"; };
		86EF6ABE1DB36E78006464CE /* PPTextStorage.h */ = {isa = PBXFileReference; fileEncoding = 4; lastKnownFileType = sourcecode.c.h; path = PPTextStorage.h; sourceTree = "<group>"; };
		86EF6ABF1DB36E78006464CE /* PPTextStorage.m */ = {isa = PBXFileReference; fileEncoding = 4; lastKnownFileType = sourcecode.c.objc; path = PPTextStorage.m; sourceTree = "<group>"; };
		86EF6AC11DB36EA2006464CE /* PPTextParagraphStyle.h */ = {isa = PBXFileReference; fileEncoding = 4; lastKnownFileType = sourcecode.c.h; path = PPTextParagraphStyle.h; sourceTree = "<group>"; };
		86EF6AC21DB36EA2006464CE /* PPTextParagraphStyle.m */ = {isa = PBXFileReference; fileEncoding = 4; lastKnownFileType = sourcecode.c.objc; path = PPTextParagraphStyle.m; sourceTree = "<group>"; };
		86EF6AD71DB390F8006464CE /* PPAsyncDrawingKitUtilities.h */ = {isa = PBXFileReference; fileEncoding = 4; lastKnownFileType = sourcecode.c.h; path = PPAsyncDrawingKitUtilities.h; sourceTree = "<group>"; };
		86EF6AD81DB390F8006464CE /* PPAsyncDrawingKitUtilities.m */ = {isa = PBXFileReference; fileEncoding = 4; lastKnownFileType = sourcecode.c.objc; path = PPAsyncDrawingKitUtilities.m; sourceTree = "<group>"; };
		86EFEF241DBF9D800003E078 /* YYFPSLabel.h */ = {isa = PBXFileReference; fileEncoding = 4; lastKnownFileType = sourcecode.c.h; path = YYFPSLabel.h; sourceTree = "<group>"; };
		86EFEF251DBF9D800003E078 /* YYFPSLabel.m */ = {isa = PBXFileReference; fileEncoding = 4; lastKnownFileType = sourcecode.c.objc; path = YYFPSLabel.m; sourceTree = "<group>"; };
		86EFEF271DC100030003E078 /* PPTextLayoutLine.h */ = {isa = PBXFileReference; fileEncoding = 4; lastKnownFileType = sourcecode.c.h; path = PPTextLayoutLine.h; sourceTree = "<group>"; };
		86EFEF281DC100030003E078 /* PPTextLayoutLine.m */ = {isa = PBXFileReference; fileEncoding = 4; lastKnownFileType = sourcecode.c.objc; path = PPTextLayoutLine.m; sourceTree = "<group>"; };
		86F6BECE1DF675D2006D0419 /* PPTextHighlightRange.h */ = {isa = PBXFileReference; fileEncoding = 4; lastKnownFileType = sourcecode.c.h; path = PPTextHighlightRange.h; sourceTree = "<group>"; };
		86F6BECF1DF675D2006D0419 /* PPTextHighlightRange.m */ = {isa = PBXFileReference; fileEncoding = 4; lastKnownFileType = sourcecode.c.objc; path = PPTextHighlightRange.m; sourceTree = "<group>"; };
		86FCDA931DDC7B3200CB2563 /* WBTimelineImageContentView.h */ = {isa = PBXFileReference; fileEncoding = 4; lastKnownFileType = sourcecode.c.h; path = WBTimelineImageContentView.h; sourceTree = "<group>"; };
		86FCDA941DDC7B3200CB2563 /* WBTimelineImageContentView.m */ = {isa = PBXFileReference; fileEncoding = 4; lastKnownFileType = sourcecode.c.objc; path = WBTimelineImageContentView.m; sourceTree = "<group>"; };
		86FCDA961DDC7BD200CB2563 /* WBTimelineContentImageViewLayouter.h */ = {isa = PBXFileReference; fileEncoding = 4; lastKnownFileType = sourcecode.c.h; path = WBTimelineContentImageViewLayouter.h; sourceTree = "<group>"; };
		86FCDA971DDC7BD200CB2563 /* WBTimelineContentImageViewLayouter.m */ = {isa = PBXFileReference; fileEncoding = 4; lastKnownFileType = sourcecode.c.objc; path = WBTimelineContentImageViewLayouter.m; sourceTree = "<group>"; };
		86FCDADE1DE18FF700CB2563 /* WBTimelinePreset.h */ = {isa = PBXFileReference; fileEncoding = 4; lastKnownFileType = sourcecode.c.h; path = WBTimelinePreset.h; sourceTree = "<group>"; };
		86FCDADF1DE18FF700CB2563 /* WBTimelinePreset.m */ = {isa = PBXFileReference; fileEncoding = 4; lastKnownFileType = sourcecode.c.objc; path = WBTimelinePreset.m; sourceTree = "<group>"; };
/* End PBXFileReference section */

/* Begin PBXFrameworksBuildPhase section */
		86EB75871D2393CC005F14A1 /* Frameworks */ = {
			isa = PBXFrameworksBuildPhase;
			buildActionMask = 2147483647;
			files = (
				8659A9131E15BEF700BC9F91 /* WebKit.framework in Frameworks */,
				86D7C2551DE41E7F001D88E8 /* WebP.framework in Frameworks */,
			);
			runOnlyForDeploymentPostprocessing = 0;
		};
/* End PBXFrameworksBuildPhase section */

/* Begin PBXGroup section */
		861EB1CA1DB10EE3005C07C7 /* Image */ = {
			isa = PBXGroup;
			children = (
				861EB1CB1DB10F0B005C07C7 /* ImageViewTableViewController.h */,
				861EB1CC1DB10F0B005C07C7 /* ImageViewTableViewController.m */,
			);
			name = Image;
			sourceTree = "<group>";
		};
		861EB1DC1DB11E82005C07C7 /* YYModel */ = {
			isa = PBXGroup;
			children = (
				861EB1DD1DB11EBD005C07C7 /* NSObject+YYModel.h */,
				861EB1DE1DB11EBD005C07C7 /* NSObject+YYModel.m */,
				861EB1DF1DB11EBD005C07C7 /* YYClassInfo.h */,
				861EB1E01DB11EBD005C07C7 /* YYClassInfo.m */,
				861EB1E11DB11EBD005C07C7 /* YYModel.h */,
			);
			name = YYModel;
			sourceTree = "<group>";
		};
		861EB1E41DB11F3B005C07C7 /* WBTimeline */ = {
			isa = PBXGroup;
			children = (
				86D7C2711DE81AEC001D88E8 /* Parser */,
				86AED6661DD46DB500887F3B /* View */,
				861F1C511DB125F70002BE2E /* Controller */,
				861EB1E51DB11F56005C07C7 /* Model */,
			);
			name = WBTimeline;
			sourceTree = "<group>";
		};
		861EB1E51DB11F56005C07C7 /* Model */ = {
			isa = PBXGroup;
			children = (
				861EB1D91DB11E28005C07C7 /* WBTimelineItem.h */,
				861EB1DA1DB11E28005C07C7 /* WBTimelineItem.m */,
				86AED66A1DD4780300887F3B /* WBTimelineTableViewCellDrawingContext.h */,
				86AED66B1DD4780300887F3B /* WBTimelineTableViewCellDrawingContext.m */,
				86FCDA961DDC7BD200CB2563 /* WBTimelineContentImageViewLayouter.h */,
				86FCDA971DDC7BD200CB2563 /* WBTimelineContentImageViewLayouter.m */,
				86FCDADE1DE18FF700CB2563 /* WBTimelinePreset.h */,
				86FCDADF1DE18FF700CB2563 /* WBTimelinePreset.m */,
				860FC3AA1DF2D4980037AE51 /* WBEmoticonManager.h */,
				860FC3AB1DF2D4980037AE51 /* WBEmoticonManager.m */,
			);
			name = Model;
			sourceTree = "<group>";
		};
		861F1C511DB125F70002BE2E /* Controller */ = {
			isa = PBXGroup;
			children = (
				861F1C521DB126650002BE2E /* WBTimelineViewController.h */,
				861F1C531DB126650002BE2E /* WBTimelineViewController.m */,
				8659A90E1E15BCF200BC9F91 /* WBWebViewController.h */,
				8659A90F1E15BCF200BC9F91 /* WBWebViewController.m */,
			);
			name = Controller;
			sourceTree = "<group>";
		};
		863952A71D3FBA1400904204 /* PPAsyncDrawingKit */ = {
			isa = PBXGroup;
			children = (
				86A98D301D92F495008F0A7E /* Core */,
				86A98D321D92F4BC008F0A7E /* Text */,
				86A98D311D92F4AD008F0A7E /* ImageView */,
				8651C4FB1DC1FD120092569A /* Button */,
			);
			name = PPAsyncDrawingKit;
			path = ../PPAsyncDrawingKit;
			sourceTree = "<group>";
		};
		8651C4FB1DC1FD120092569A /* Button */ = {
			isa = PBXGroup;
			children = (
				86AED65F1DD1DAF200887F3B /* Utilities */,
				8651C4FC1DC1FD3F0092569A /* PPButton.h */,
				8651C4FD1DC1FD3F0092569A /* PPButton.m */,
			);
			name = Button;
			sourceTree = "<group>";
		};
		8659A9111E15BEF700BC9F91 /* Frameworks */ = {
			isa = PBXGroup;
			children = (
				8659A9121E15BEF700BC9F91 /* WebKit.framework */,
			);
			name = Frameworks;
			sourceTree = "<group>";
		};
		86A98D301D92F495008F0A7E /* Core */ = {
			isa = PBXGroup;
			children = (
				863952A81D3FBA1400904204 /* PPAsyncDrawingView.h */,
				863952A91D3FBA1400904204 /* PPAsyncDrawingView.m */,
				86A98D2A1D92E446008F0A7E /* PPUIControl.h */,
				86A98D2B1D92E446008F0A7E /* PPUIControl.m */,
				86EF6AD71DB390F8006464CE /* PPAsyncDrawingKitUtilities.h */,
				86EF6AD81DB390F8006464CE /* PPAsyncDrawingKitUtilities.m */,
			);
			name = Core;
			sourceTree = "<group>";
		};
		86A98D311D92F4AD008F0A7E /* ImageView */ = {
			isa = PBXGroup;
			children = (
				86A98D331D92F582008F0A7E /* PPImageView.h */,
				86A98D341D92F582008F0A7E /* PPImageView.m */,
				867F77A01DB77C7C004FCEBA /* PPWebImageView.h */,
				867F77A11DB77C7C004FCEBA /* PPWebImageView.m */,
				86D7C2701DE711AE001D88E8 /* Component */,
			);
			name = ImageView;
			sourceTree = "<group>";
		};
		86A98D321D92F4BC008F0A7E /* Text */ = {
			isa = PBXGroup;
			children = (
				86EF6AB51DB215F7006464CE /* PPLabel.h */,
				86EF6AB61DB215F7006464CE /* PPLabel.m */,
				865CF7181DFAA6EB003DCA01 /* PPIsomerismTextView.h */,
				865CF7191DFAA6EB003DCA01 /* PPIsomerismTextView.m */,
				86D7C2631DE5B9B6001D88E8 /* Component */,
				86AED6551DD1D5E100887F3B /* Utilities */,
			);
			name = Text;
			sourceTree = "<group>";
		};
		86AED6551DD1D5E100887F3B /* Utilities */ = {
			isa = PBXGroup;
			children = (
				86AED6561DD1D63D00887F3B /* NSString+PPAsyncDrawingKit.h */,
				86AED6571DD1D63D00887F3B /* NSString+PPAsyncDrawingKit.m */,
				86AED6631DD1DCD200887F3B /* NSAttributedString+PPAsyncDrawingKit.h */,
				86AED6641DD1DCD200887F3B /* NSAttributedString+PPAsyncDrawingKit.m */,
			);
			name = Utilities;
			sourceTree = "<group>";
		};
		86AED65F1DD1DAF200887F3B /* Utilities */ = {
			isa = PBXGroup;
			children = (
				86AED6601DD1DB2C00887F3B /* UIImage+PPAsyncDrawingKit.h */,
				86AED6611DD1DB2C00887F3B /* UIImage+PPAsyncDrawingKit.m */,
				86A044F61E0FF097000A52A9 /* PPImage+WebP.h */,
				86A044F71E0FF097000A52A9 /* PPImage+WebP.m */,
				86A044F91E103083000A52A9 /* NSData+PPImageContentType.h */,
				86A044FA1E103083000A52A9 /* NSData+PPImageContentType.m */,
			);
			name = Utilities;
			sourceTree = "<group>";
		};
		86AED6661DD46DB500887F3B /* View */ = {
			isa = PBXGroup;
			children = (
				86AED6671DD46E5A00887F3B /* WBTimelineContentView.h */,
				86AED6681DD46E5A00887F3B /* WBTimelineContentView.m */,
				86AED66D1DD4832200887F3B /* WBTimelineTextContentView.h */,
				86AED66E1DD4832200887F3B /* WBTimelineTextContentView.m */,
				86EF6AA81DB12F1A006464CE /* WBTimelineTableViewCell.h */,
				86EF6AA91DB12F1A006464CE /* WBTimelineTableViewCell.m */,
				86AED6701DD491FE00887F3B /* WBTimelineScreenNameLabel.h */,
				86AED6711DD491FE00887F3B /* WBTimelineScreenNameLabel.m */,
				86FCDA931DDC7B3200CB2563 /* WBTimelineImageContentView.h */,
				86FCDA941DDC7B3200CB2563 /* WBTimelineImageContentView.m */,
				865CF7151DFA8BE2003DCA01 /* WBTimelineLargeCardView.h */,
				865CF7161DFA8BE2003DCA01 /* WBTimelineLargeCardView.m */,
			);
			name = View;
			sourceTree = "<group>";
		};
		86D7C24B1DE41D87001D88E8 /* webp */ = {
			isa = PBXGroup;
			children = (
				86D7C2541DE41E7F001D88E8 /* WebP.framework */,
			);
			path = webp;
			sourceTree = "<group>";
		};
		86D7C2631DE5B9B6001D88E8 /* Component */ = {
			isa = PBXGroup;
			children = (
				861EB1D41DB11563005C07C7 /* PPTextRenderer.h */,
				861EB1D51DB11563005C07C7 /* PPTextRenderer.m */,
				86EF6AAF1DB13677006464CE /* PPTextLayout.h */,
				86EF6AB01DB13677006464CE /* PPTextLayout.m */,
				86EF6AB21DB136B8006464CE /* PPTextLayoutFrame.h */,
				86EF6AB31DB136B8006464CE /* PPTextLayoutFrame.m */,
				86EFEF271DC100030003E078 /* PPTextLayoutLine.h */,
				86EFEF281DC100030003E078 /* PPTextLayoutLine.m */,
				86EF6ABE1DB36E78006464CE /* PPTextStorage.h */,
				86EF6ABF1DB36E78006464CE /* PPTextStorage.m */,
				86EF6AC11DB36EA2006464CE /* PPTextParagraphStyle.h */,
				86EF6AC21DB36EA2006464CE /* PPTextParagraphStyle.m */,
				863ADA8D1DC47F1300AC582D /* PPTextAttachment.h */,
				863ADA8E1DC47F1300AC582D /* PPTextAttachment.m */,
				86553B431DEC813E00ED22A4 /* PPTextActiveRange.h */,
				86553B441DEC813E00ED22A4 /* PPTextActiveRange.m */,
				86F6BECE1DF675D2006D0419 /* PPTextHighlightRange.h */,
				86F6BECF1DF675D2006D0419 /* PPTextHighlightRange.m */,
			);
			name = Component;
			sourceTree = "<group>";
		};
		86D7C2701DE711AE001D88E8 /* Component */ = {
			isa = PBXGroup;
			children = (
				86D7C2641DE5BBAE001D88E8 /* PPImageCache.h */,
				86D7C2651DE5BBAE001D88E8 /* PPImageCache.m */,
				86D7C2671DE6743B001D88E8 /* PPWebImageManager.h */,
				86D7C2681DE6743B001D88E8 /* PPWebImageManager.m */,
				86D7C26A1DE677C2001D88E8 /* PPImageLoadOperation.h */,
				86D7C26B1DE677C2001D88E8 /* PPImageLoadOperation.m */,
				86D7C26D1DE678E8001D88E8 /* PPImageLoadRequest.h */,
				86D7C26E1DE678E8001D88E8 /* PPImageLoadRequest.m */,
				86A044F21E0FE7F5000A52A9 /* PPImage.h */,
				86A044F31E0FE7F5000A52A9 /* PPImage.m */,
			);
			name = Component;
			sourceTree = "<group>";
		};
		86D7C2711DE81AEC001D88E8 /* Parser */ = {
			isa = PBXGroup;
			children = (
				86D7C2571DE45812001D88E8 /* WBTimelineAttributedTextParser.h */,
				86D7C2581DE45812001D88E8 /* WBTimelineAttributedTextParser.m */,
				86D7C25B1DE45812001D88E8 /* PPAttributedTextRange.h */,
				86D7C25C1DE45812001D88E8 /* PPAttributedTextRange.m */,
				86D7C25D1DE45812001D88E8 /* PPFlavoredRange.h */,
				86D7C25E1DE45812001D88E8 /* PPFlavoredRange.m */,
				86553B821DF2CCF800ED22A4 /* WBUITextAttachment.h */,
				86553B831DF2CCF800ED22A4 /* WBUITextAttachment.m */,
			);
			name = Parser;
			sourceTree = "<group>";
		};
		86EB75811D2393CC005F14A1 = {
			isa = PBXGroup;
			children = (
				863952A71D3FBA1400904204 /* PPAsyncDrawingKit */,
				86EB758C1D2393CC005F14A1 /* PPAsyncDrawingKit-Demo */,
				86EB758B1D2393CC005F14A1 /* Products */,
				8659A9111E15BEF700BC9F91 /* Frameworks */,
			);
			sourceTree = "<group>";
		};
		86EB758B1D2393CC005F14A1 /* Products */ = {
			isa = PBXGroup;
			children = (
				86EB758A1D2393CC005F14A1 /* PPAsyncDrawingKit.app */,
			);
			name = Products;
			sourceTree = "<group>";
		};
		86EB758C1D2393CC005F14A1 /* PPAsyncDrawingKit-Demo */ = {
			isa = PBXGroup;
			children = (
				86EFEF231DBF9D760003E078 /* Other */,
				86EF6AAB1DB132C5006464CE /* Text */,
				861EB1E41DB11F3B005C07C7 /* WBTimeline */,
				861EB1CA1DB10EE3005C07C7 /* Image */,
				86EB75901D2393CC005F14A1 /* AppDelegate.h */,
				86EB75911D2393CC005F14A1 /* AppDelegate.m */,
				86EB75931D2393CC005F14A1 /* ViewController.h */,
				86EB75941D2393CC005F14A1 /* ViewController.m */,
				86EB75961D2393CC005F14A1 /* Main.storyboard */,
				86EB75991D2393CC005F14A1 /* Assets.xcassets */,
				86EB759B1D2393CC005F14A1 /* LaunchScreen.storyboard */,
				86EB759E1D2393CC005F14A1 /* Info.plist */,
				86EB758D1D2393CC005F14A1 /* Supporting Files */,
			);
			name = "PPAsyncDrawingKit-Demo";
			path = PPAsyncDrawingKit;
			sourceTree = "<group>";
		};
		86EB758D1D2393CC005F14A1 /* Supporting Files */ = {
			isa = PBXGroup;
			children = (
				86E3D1B61E1DE3F300ED53D2 /* WBTimelineJSON.json */,
				86EB758E1D2393CC005F14A1 /* main.m */,
				860FC3A81DF2D45E0037AE51 /* emoticon_info.plist */,
			);
			name = "Supporting Files";
			sourceTree = "<group>";
		};
		86EF6AAB1DB132C5006464CE /* Text */ = {
			isa = PBXGroup;
			children = (
				86EF6AAC1DB132F9006464CE /* PPTextExmaple.h */,
				86EF6AAD1DB132F9006464CE /* PPTextExmaple.m */,
				865857E21E230DD10047782A /* PPTextAttributedExample.h */,
				865857E31E230DD10047782A /* PPTextAttributedExample.m */,
			);
			name = Text;
			sourceTree = "<group>";
		};
		86EFEF231DBF9D760003E078 /* Other */ = {
			isa = PBXGroup;
			children = (
				86D7C24B1DE41D87001D88E8 /* webp */,
				861EB1DC1DB11E82005C07C7 /* YYModel */,
				86EFEF241DBF9D800003E078 /* YYFPSLabel.h */,
				86EFEF251DBF9D800003E078 /* YYFPSLabel.m */,
				869AFD141DDC5F7F00842C6C /* UIView+Frame.h */,
				869AFD151DDC5F7F00842C6C /* UIView+Frame.m */,
				869AFD1A1DDC674900842C6C /* UIImage+Color.h */,
				869AFD1B1DDC674900842C6C /* UIImage+Color.m */,
				865CF71F1DFC8B53003DCA01 /* NSDate+PPASDK.h */,
				865CF7201DFC8B53003DCA01 /* NSDate+PPASDK.m */,
				86A0CCF41E21EC73006C3F0A /* NSString+PPASDK.h */,
				86A0CCF51E21EC73006C3F0A /* NSString+PPASDK.m */,
			);
			name = Other;
			sourceTree = "<group>";
		};
/* End PBXGroup section */

/* Begin PBXNativeTarget section */
		86EB75891D2393CC005F14A1 /* PPAsyncDrawingKit */ = {
			isa = PBXNativeTarget;
			buildConfigurationList = 86EB75A11D2393CC005F14A1 /* Build configuration list for PBXNativeTarget "PPAsyncDrawingKit" */;
			buildPhases = (
				86EB75861D2393CC005F14A1 /* Sources */,
				86EB75871D2393CC005F14A1 /* Frameworks */,
				86EB75881D2393CC005F14A1 /* Resources */,
			);
			buildRules = (
			);
			dependencies = (
			);
			name = PPAsyncDrawingKit;
			productName = PPAsyncDrawingKit;
			productReference = 86EB758A1D2393CC005F14A1 /* PPAsyncDrawingKit.app */;
			productType = "com.apple.product-type.application";
		};
/* End PBXNativeTarget section */

/* Begin PBXProject section */
		86EB75821D2393CC005F14A1 /* Project object */ = {
			isa = PBXProject;
			attributes = {
				LastUpgradeCheck = 0730;
				ORGANIZATIONNAME = DSKcpp;
				TargetAttributes = {
					86EB75891D2393CC005F14A1 = {
						CreatedOnToolsVersion = 7.3.1;
						DevelopmentTeam = A9QWHSB535;
					};
				};
			};
			buildConfigurationList = 86EB75851D2393CC005F14A1 /* Build configuration list for PBXProject "PPAsyncDrawingKit" */;
			compatibilityVersion = "Xcode 3.2";
			developmentRegion = English;
			hasScannedForEncodings = 0;
			knownRegions = (
				en,
				Base,
			);
			mainGroup = 86EB75811D2393CC005F14A1;
			productRefGroup = 86EB758B1D2393CC005F14A1 /* Products */;
			projectDirPath = "";
			projectRoot = "";
			targets = (
				86EB75891D2393CC005F14A1 /* PPAsyncDrawingKit */,
			);
		};
/* End PBXProject section */

/* Begin PBXResourcesBuildPhase section */
		86EB75881D2393CC005F14A1 /* Resources */ = {
			isa = PBXResourcesBuildPhase;
			buildActionMask = 2147483647;
			files = (
				86E3D1B71E1DE3F300ED53D2 /* WBTimelineJSON.json in Resources */,
				86EB759D1D2393CC005F14A1 /* LaunchScreen.storyboard in Resources */,
				86EB759A1D2393CC005F14A1 /* Assets.xcassets in Resources */,
				860FC3A91DF2D45E0037AE51 /* emoticon_info.plist in Resources */,
				86EB75981D2393CC005F14A1 /* Main.storyboard in Resources */,
			);
			runOnlyForDeploymentPostprocessing = 0;
		};
/* End PBXResourcesBuildPhase section */

/* Begin PBXSourcesBuildPhase section */
		86EB75861D2393CC005F14A1 /* Sources */ = {
			isa = PBXSourcesBuildPhase;
			buildActionMask = 2147483647;
			files = (
				86EFEF261DBF9D800003E078 /* YYFPSLabel.m in Sources */,
				863952AE1D3FBA1400904204 /* PPAsyncDrawingView.m in Sources */,
				865857E41E230DD10047782A /* PPTextAttributedExample.m in Sources */,
				86A98D2C1D92E446008F0A7E /* PPUIControl.m in Sources */,
				86AED6621DD1DB2C00887F3B /* UIImage+PPAsyncDrawingKit.m in Sources */,
				865CF7211DFC8B53003DCA01 /* NSDate+PPASDK.m in Sources */,
				861EB1DB1DB11E28005C07C7 /* WBTimelineItem.m in Sources */,
				86EF6AAE1DB132F9006464CE /* PPTextExmaple.m in Sources */,
				86AED6691DD46E5A00887F3B /* WBTimelineContentView.m in Sources */,
				861EB1E21DB11EBD005C07C7 /* NSObject+YYModel.m in Sources */,
				86AED66F1DD4832200887F3B /* WBTimelineTextContentView.m in Sources */,
				86D7C2611DE45812001D88E8 /* PPAttributedTextRange.m in Sources */,
				86F6BED01DF675D2006D0419 /* PPTextHighlightRange.m in Sources */,
				86EFEF291DC100030003E078 /* PPTextLayoutLine.m in Sources */,
				86D7C2661DE5BBAE001D88E8 /* PPImageCache.m in Sources */,
				86A044F81E0FF097000A52A9 /* PPImage+WebP.m in Sources */,
				861F1C541DB126650002BE2E /* WBTimelineViewController.m in Sources */,
				860FC3AC1DF2D4980037AE51 /* WBEmoticonManager.m in Sources */,
				86EF6AB71DB215F7006464CE /* PPLabel.m in Sources */,
				86FCDA951DDC7B3200CB2563 /* WBTimelineImageContentView.m in Sources */,
				86D7C26F1DE678E8001D88E8 /* PPImageLoadRequest.m in Sources */,
				86EB75951D2393CC005F14A1 /* ViewController.m in Sources */,
				86AED6651DD1DCD200887F3B /* NSAttributedString+PPAsyncDrawingKit.m in Sources */,
				86EB75921D2393CC005F14A1 /* AppDelegate.m in Sources */,
				86A98D351D92F582008F0A7E /* PPImageView.m in Sources */,
				861EB1E31DB11EBD005C07C7 /* YYClassInfo.m in Sources */,
				8651C4FE1DC1FD3F0092569A /* PPButton.m in Sources */,
				863ADA8F1DC47F1300AC582D /* PPTextAttachment.m in Sources */,
				86D7C2621DE45812001D88E8 /* PPFlavoredRange.m in Sources */,
				8659A9101E15BCF200BC9F91 /* WBWebViewController.m in Sources */,
				86553B841DF2CCF900ED22A4 /* WBUITextAttachment.m in Sources */,
				861EB1CD1DB10F0B005C07C7 /* ImageViewTableViewController.m in Sources */,
				869AFD1C1DDC674900842C6C /* UIImage+Color.m in Sources */,
				86AED66C1DD4780300887F3B /* WBTimelineTableViewCellDrawingContext.m in Sources */,
				86EB758F1D2393CC005F14A1 /* main.m in Sources */,
				86553B451DEC813E00ED22A4 /* PPTextActiveRange.m in Sources */,
				86FCDAE01DE18FF700CB2563 /* WBTimelinePreset.m in Sources */,
				86AED6581DD1D63D00887F3B /* NSString+PPAsyncDrawingKit.m in Sources */,
				86A044F41E0FE7F5000A52A9 /* PPImage.m in Sources */,
				86EF6AB11DB13677006464CE /* PPTextLayout.m in Sources */,
				865CF71A1DFAA6EB003DCA01 /* PPIsomerismTextView.m in Sources */,
				86EF6AC31DB36EA2006464CE /* PPTextParagraphStyle.m in Sources */,
				86AED6721DD491FE00887F3B /* WBTimelineScreenNameLabel.m in Sources */,
				86EF6AC01DB36E78006464CE /* PPTextStorage.m in Sources */,
				86FCDA981DDC7BD200CB2563 /* WBTimelineContentImageViewLayouter.m in Sources */,
				86D7C2691DE6743B001D88E8 /* PPWebImageManager.m in Sources */,
				869AFD161DDC5F7F00842C6C /* UIView+Frame.m in Sources */,
				861EB1D61DB11563005C07C7 /* PPTextRenderer.m in Sources */,
				86EF6AD91DB390F8006464CE /* PPAsyncDrawingKitUtilities.m in Sources */,
				86D7C26C1DE677C2001D88E8 /* PPImageLoadOperation.m in Sources */,
				86EF6AB41DB136B8006464CE /* PPTextLayoutFrame.m in Sources */,
				867F77A21DB77C7C004FCEBA /* PPWebImageView.m in Sources */,
				86A0CCF61E21EC73006C3F0A /* NSString+PPASDK.m in Sources */,
				86A044FB1E103083000A52A9 /* NSData+PPImageContentType.m in Sources */,
				86EF6AAA1DB12F1A006464CE /* WBTimelineTableViewCell.m in Sources */,
				86D7C25F1DE45812001D88E8 /* WBTimelineAttributedTextParser.m in Sources */,
				865CF7171DFA8BE2003DCA01 /* WBTimelineLargeCardView.m in Sources */,
			);
			runOnlyForDeploymentPostprocessing = 0;
		};
/* End PBXSourcesBuildPhase section */

/* Begin PBXVariantGroup section */
		86EB75961D2393CC005F14A1 /* Main.storyboard */ = {
			isa = PBXVariantGroup;
			children = (
				86EB75971D2393CC005F14A1 /* Base */,
			);
			name = Main.storyboard;
			sourceTree = "<group>";
		};
		86EB759B1D2393CC005F14A1 /* LaunchScreen.storyboard */ = {
			isa = PBXVariantGroup;
			children = (
				86EB759C1D2393CC005F14A1 /* Base */,
			);
			name = LaunchScreen.storyboard;
			sourceTree = "<group>";
		};
/* End PBXVariantGroup section */

/* Begin XCBuildConfiguration section */
		86EB759F1D2393CC005F14A1 /* Debug */ = {
			isa = XCBuildConfiguration;
			buildSettings = {
				ALWAYS_SEARCH_USER_PATHS = NO;
				CLANG_ANALYZER_NONNULL = YES;
				CLANG_CXX_LANGUAGE_STANDARD = "gnu++0x";
				CLANG_CXX_LIBRARY = "libc++";
				CLANG_ENABLE_MODULES = YES;
				CLANG_ENABLE_OBJC_ARC = YES;
				CLANG_WARN_BOOL_CONVERSION = YES;
				CLANG_WARN_CONSTANT_CONVERSION = YES;
				CLANG_WARN_DIRECT_OBJC_ISA_USAGE = YES_ERROR;
				CLANG_WARN_EMPTY_BODY = YES;
				CLANG_WARN_ENUM_CONVERSION = YES;
				CLANG_WARN_INT_CONVERSION = YES;
				CLANG_WARN_OBJC_ROOT_CLASS = YES_ERROR;
				CLANG_WARN_UNREACHABLE_CODE = YES;
				CLANG_WARN__DUPLICATE_METHOD_MATCH = YES;
				"CODE_SIGN_IDENTITY[sdk=iphoneos*]" = "iPhone Developer";
				COPY_PHASE_STRIP = NO;
				DEBUG_INFORMATION_FORMAT = dwarf;
				ENABLE_STRICT_OBJC_MSGSEND = YES;
				ENABLE_TESTABILITY = YES;
				GCC_C_LANGUAGE_STANDARD = gnu99;
				GCC_DYNAMIC_NO_PIC = NO;
				GCC_NO_COMMON_BLOCKS = YES;
				GCC_OPTIMIZATION_LEVEL = 0;
				GCC_PREPROCESSOR_DEFINITIONS = (
					"DEBUG=1",
					"$(inherited)",
				);
				GCC_WARN_64_TO_32_BIT_CONVERSION = YES;
				GCC_WARN_ABOUT_RETURN_TYPE = YES_ERROR;
				GCC_WARN_UNDECLARED_SELECTOR = YES;
				GCC_WARN_UNINITIALIZED_AUTOS = YES_AGGRESSIVE;
				GCC_WARN_UNUSED_FUNCTION = YES;
				GCC_WARN_UNUSED_VARIABLE = YES;
				IPHONEOS_DEPLOYMENT_TARGET = 7.1;
				MTL_ENABLE_DEBUG_INFO = YES;
				ONLY_ACTIVE_ARCH = YES;
				SDKROOT = iphoneos;
				TARGETED_DEVICE_FAMILY = "1,2";
			};
			name = Debug;
		};
		86EB75A01D2393CC005F14A1 /* Release */ = {
			isa = XCBuildConfiguration;
			buildSettings = {
				ALWAYS_SEARCH_USER_PATHS = NO;
				CLANG_ANALYZER_NONNULL = YES;
				CLANG_CXX_LANGUAGE_STANDARD = "gnu++0x";
				CLANG_CXX_LIBRARY = "libc++";
				CLANG_ENABLE_MODULES = YES;
				CLANG_ENABLE_OBJC_ARC = YES;
				CLANG_WARN_BOOL_CONVERSION = YES;
				CLANG_WARN_CONSTANT_CONVERSION = YES;
				CLANG_WARN_DIRECT_OBJC_ISA_USAGE = YES_ERROR;
				CLANG_WARN_EMPTY_BODY = YES;
				CLANG_WARN_ENUM_CONVERSION = YES;
				CLANG_WARN_INT_CONVERSION = YES;
				CLANG_WARN_OBJC_ROOT_CLASS = YES_ERROR;
				CLANG_WARN_UNREACHABLE_CODE = YES;
				CLANG_WARN__DUPLICATE_METHOD_MATCH = YES;
				"CODE_SIGN_IDENTITY[sdk=iphoneos*]" = "iPhone Developer";
				COPY_PHASE_STRIP = NO;
				DEBUG_INFORMATION_FORMAT = "dwarf-with-dsym";
				ENABLE_NS_ASSERTIONS = NO;
				ENABLE_STRICT_OBJC_MSGSEND = YES;
				GCC_C_LANGUAGE_STANDARD = gnu99;
				GCC_NO_COMMON_BLOCKS = YES;
				GCC_WARN_64_TO_32_BIT_CONVERSION = YES;
				GCC_WARN_ABOUT_RETURN_TYPE = YES_ERROR;
				GCC_WARN_UNDECLARED_SELECTOR = YES;
				GCC_WARN_UNINITIALIZED_AUTOS = YES_AGGRESSIVE;
				GCC_WARN_UNUSED_FUNCTION = YES;
				GCC_WARN_UNUSED_VARIABLE = YES;
				IPHONEOS_DEPLOYMENT_TARGET = 7.1;
				MTL_ENABLE_DEBUG_INFO = NO;
				SDKROOT = iphoneos;
				TARGETED_DEVICE_FAMILY = "1,2";
				VALIDATE_PRODUCT = YES;
			};
			name = Release;
		};
		86EB75A21D2393CC005F14A1 /* Debug */ = {
			isa = XCBuildConfiguration;
			buildSettings = {
				ASSETCATALOG_COMPILER_APPICON_NAME = AppIcon;
				DEVELOPMENT_TEAM = A9QWHSB535;
				FRAMEWORK_SEARCH_PATHS = (
					"$(inherited)",
					"$(PROJECT_DIR)/PPAsyncDrawingKit/webp",
				);
				INFOPLIST_FILE = PPAsyncDrawingKit/Info.plist;
				LD_RUNPATH_SEARCH_PATHS = "$(inherited) @executable_path/Frameworks";
				PRODUCT_BUNDLE_IDENTIFIER = com.dskcpp.PPAsyncDrawingKit;
				PRODUCT_NAME = "$(TARGET_NAME)";
			};
			name = Debug;
		};
		86EB75A31D2393CC005F14A1 /* Release */ = {
			isa = XCBuildConfiguration;
			buildSettings = {
				ASSETCATALOG_COMPILER_APPICON_NAME = AppIcon;
				DEVELOPMENT_TEAM = A9QWHSB535;
				FRAMEWORK_SEARCH_PATHS = (
					"$(inherited)",
					"$(PROJECT_DIR)/PPAsyncDrawingKit/webp",
				);
				INFOPLIST_FILE = PPAsyncDrawingKit/Info.plist;
				LD_RUNPATH_SEARCH_PATHS = "$(inherited) @executable_path/Frameworks";
				PRODUCT_BUNDLE_IDENTIFIER = com.dskcpp.PPAsyncDrawingKit;
				PRODUCT_NAME = "$(TARGET_NAME)";
			};
			name = Release;
		};
/* End XCBuildConfiguration section */

/* Begin XCConfigurationList section */
		86EB75851D2393CC005F14A1 /* Build configuration list for PBXProject "PPAsyncDrawingKit" */ = {
			isa = XCConfigurationList;
			buildConfigurations = (
				86EB759F1D2393CC005F14A1 /* Debug */,
				86EB75A01D2393CC005F14A1 /* Release */,
			);
			defaultConfigurationIsVisible = 0;
			defaultConfigurationName = Release;
		};
		86EB75A11D2393CC005F14A1 /* Build configuration list for PBXNativeTarget "PPAsyncDrawingKit" */ = {
			isa = XCConfigurationList;
			buildConfigurations = (
				86EB75A21D2393CC005F14A1 /* Debug */,
				86EB75A31D2393CC005F14A1 /* Release */,
			);
			defaultConfigurationIsVisible = 0;
			defaultConfigurationName = Release;
		};
/* End XCConfigurationList section */
	};
	rootObject = 86EB75821D2393CC005F14A1 /* Project object */;
}
